<?xml version="1.0" encoding="utf-8"?>
<Project ToolsVersion="4.0" xmlns="http://schemas.microsoft.com/developer/msbuild/2003">
  <ItemGroup>
    <ClCompile Include="src\main.cpp">
      <Filter>src</Filter>
    </ClCompile>
    <ClCompile Include="..\src\ofxHotKeys_impl_linux.cpp">
      <Filter>addons\ofxTimeline\src</Filter>
    </ClCompile>
    <ClCompile Include="..\src\ofxHotKeys_impl_win.cpp">
      <Filter>addons\ofxTimeline\src</Filter>
    </ClCompile>
    <ClCompile Include="..\src\ofxTimeline.cpp">
      <Filter>addons\ofxTimeline\src</Filter>
    </ClCompile>
    <ClCompile Include="..\src\ofxTLAudioTrack.cpp">
      <Filter>addons\ofxTimeline\src</Filter>
    </ClCompile>
    <ClCompile Include="..\src\ofxTLBangs.cpp">
      <Filter>addons\ofxTimeline\src</Filter>
    </ClCompile>
    <ClCompile Include="..\src\ofxTLCameraTrack.cpp">
      <Filter>addons\ofxTimeline\src</Filter>
    </ClCompile>
    <ClCompile Include="..\src\ofxTLColors.cpp">
      <Filter>addons\ofxTimeline\src</Filter>
    </ClCompile>
    <ClCompile Include="..\src\ofxTLColorTrack.cpp">
      <Filter>addons\ofxTimeline\src</Filter>
    </ClCompile>
    <ClCompile Include="..\src\ofxTLCurves.cpp">
      <Filter>addons\ofxTimeline\src</Filter>
    </ClCompile>
    <ClCompile Include="..\src\ofxTLEmptyKeyframes.cpp">
      <Filter>addons\ofxTimeline\src</Filter>
    </ClCompile>
    <ClCompile Include="..\src\ofxTLEmptyTrack.cpp">
      <Filter>addons\ofxTimeline\src</Filter>
    </ClCompile>
    <ClCompile Include="..\src\ofxTLFlags.cpp">
      <Filter>addons\ofxTimeline\src</Filter>
    </ClCompile>
    <ClCompile Include="..\src\ofxTLImageSequence.cpp">
      <Filter>addons\ofxTimeline\src</Filter>
    </ClCompile>
    <ClCompile Include="..\src\ofxTLImageSequenceFrame.cpp">
      <Filter>addons\ofxTimeline\src</Filter>
    </ClCompile>
    <ClCompile Include="..\src\ofxTLImageTrack.cpp">
      <Filter>addons\ofxTimeline\src</Filter>
    </ClCompile>
    <ClCompile Include="..\src\ofxTLInOut.cpp">
      <Filter>addons\ofxTimeline\src</Filter>
    </ClCompile>
    <ClCompile Include="..\src\ofxTLKeyframes.cpp">
      <Filter>addons\ofxTimeline\src</Filter>
    </ClCompile>
    <ClCompile Include="..\src\ofxTLLFO.cpp">
      <Filter>addons\ofxTimeline\src</Filter>
    </ClCompile>
    <ClCompile Include="..\src\ofxTLPage.cpp">
      <Filter>addons\ofxTimeline\src</Filter>
    </ClCompile>
    <ClCompile Include="..\src\ofxTLPageTabs.cpp">
      <Filter>addons\ofxTimeline\src</Filter>
    </ClCompile>
    <ClCompile Include="..\src\ofxTLSwitches.cpp">
      <Filter>addons\ofxTimeline\src</Filter>
    </ClCompile>
    <ClCompile Include="..\src\ofxTLTicker.cpp">
      <Filter>addons\ofxTimeline\src</Filter>
    </ClCompile>
    <ClCompile Include="..\src\ofxTLTrack.cpp">
      <Filter>addons\ofxTimeline\src</Filter>
    </ClCompile>
    <ClCompile Include="..\src\ofxTLTrackHeader.cpp">
      <Filter>addons\ofxTimeline\src</Filter>
    </ClCompile>
    <ClCompile Include="..\src\ofxTLVideoThumb.cpp">
      <Filter>addons\ofxTimeline\src</Filter>
    </ClCompile>
    <ClCompile Include="..\src\ofxTLVideoTrack.cpp">
      <Filter>addons\ofxTimeline\src</Filter>
    </ClCompile>
    <ClCompile Include="..\src\ofxTLZoomer.cpp">
      <Filter>addons\ofxTimeline\src</Filter>
    </ClCompile>
    <ClCompile Include="..\..\ofxMSATimer\src\ofxMSATimer.cpp">
      <Filter>addons\ofxMSATimer\src</Filter>
    </ClCompile>
    <ClCompile Include="..\..\ofxTextInputField\src\ofxTextInputField.cpp">
      <Filter>addons\ofxTextInputField\src</Filter>
    </ClCompile>
    <ClCompile Include="..\..\ofxTimecode\src\ofxTimecode.cpp">
      <Filter>addons\ofxTimecode\src</Filter>
    </ClCompile>
    <ClCompile Include="..\..\ofxTween\src\ofxTween.cpp">
      <Filter>addons\ofxTween\src</Filter>
    </ClCompile>
    <ClCompile Include="..\..\ofxTween\src\Easings\ofxEasing.cpp">
      <Filter>addons\ofxTween\src\Easings</Filter>
    </ClCompile>
    <ClCompile Include="..\..\ofxTween\src\Easings\ofxEasingBack.cpp">
      <Filter>addons\ofxTween\src\Easings</Filter>
    </ClCompile>
    <ClCompile Include="..\..\ofxTween\src\Easings\ofxEasingBounce.cpp">
      <Filter>addons\ofxTween\src\Easings</Filter>
    </ClCompile>
    <ClCompile Include="..\..\ofxTween\src\Easings\ofxEasingCirc.cpp">
      <Filter>addons\ofxTween\src\Easings</Filter>
    </ClCompile>
    <ClCompile Include="..\..\ofxTween\src\Easings\ofxEasingCubic.cpp">
      <Filter>addons\ofxTween\src\Easings</Filter>
    </ClCompile>
    <ClCompile Include="..\..\ofxTween\src\Easings\ofxEasingElastic.cpp">
      <Filter>addons\ofxTween\src\Easings</Filter>
    </ClCompile>
    <ClCompile Include="..\..\ofxTween\src\Easings\ofxEasingExpo.cpp">
      <Filter>addons\ofxTween\src\Easings</Filter>
    </ClCompile>
    <ClCompile Include="..\..\ofxTween\src\Easings\ofxEasingLinear.cpp">
      <Filter>addons\ofxTween\src\Easings</Filter>
    </ClCompile>
    <ClCompile Include="..\..\ofxTween\src\Easings\ofxEasingQuad.cpp">
      <Filter>addons\ofxTween\src\Easings</Filter>
    </ClCompile>
    <ClCompile Include="..\..\ofxTween\src\Easings\ofxEasingQuart.cpp">
      <Filter>addons\ofxTween\src\Easings</Filter>
    </ClCompile>
    <ClCompile Include="..\..\ofxTween\src\Easings\ofxEasingQuint.cpp">
      <Filter>addons\ofxTween\src\Easings</Filter>
    </ClCompile>
    <ClCompile Include="..\..\ofxTween\src\Easings\ofxEasingSine.cpp">
      <Filter>addons\ofxTween\src\Easings</Filter>
    </ClCompile>
    <ClCompile Include="..\..\ofxXmlSettings\src\ofxXmlSettings.cpp">
      <Filter>addons\ofxXmlSettings\src</Filter>
    </ClCompile>
    <ClCompile Include="..\..\ofxXmlSettings\libs\tinyxml.cpp">
      <Filter>addons\ofxXmlSettings\libs</Filter>
    </ClCompile>
    <ClCompile Include="..\..\ofxXmlSettings\libs\tinyxmlerror.cpp">
      <Filter>addons\ofxXmlSettings\libs</Filter>
    </ClCompile>
    <ClCompile Include="..\..\ofxXmlSettings\libs\tinyxmlparser.cpp">
      <Filter>addons\ofxXmlSettings\libs</Filter>
    </ClCompile>
    <ClCompile Include="src\ofApp.cpp">
      <Filter>src</Filter>
    </ClCompile>
  </ItemGroup>
  <ItemGroup>
    <Filter Include="src">
      <UniqueIdentifier>{d8376475-7454-4a24-b08a-aac121d3ad6f}</UniqueIdentifier>
    </Filter>
    <Filter Include="addons">
      <UniqueIdentifier>{6ecac2ba-c702-445b-b45a-f91124335e28}</UniqueIdentifier>
    </Filter>
    <Filter Include="addons\ofxTimeline">
      <UniqueIdentifier>{8153a4ad-a4c6-4a4e-af9b-eb1ae7290c95}</UniqueIdentifier>
    </Filter>
    <Filter Include="addons\ofxTimeline\src">
      <UniqueIdentifier>{95f5e690-6ef9-4850-8a04-838e853ed4ee}</UniqueIdentifier>
    </Filter>
    <Filter Include="addons\ofxMSATimer">
      <UniqueIdentifier>{be95ddaa-741f-4043-a349-01479effbdfd}</UniqueIdentifier>
    </Filter>
    <Filter Include="addons\ofxMSATimer\src">
      <UniqueIdentifier>{210f337d-d1aa-41d8-9c59-c65be5fe3a01}</UniqueIdentifier>
    </Filter>
    <Filter Include="addons\ofxTextInputField">
      <UniqueIdentifier>{5bf0416a-1780-4bab-b6af-dd188d9d9c61}</UniqueIdentifier>
    </Filter>
    <Filter Include="addons\ofxTextInputField\src">
      <UniqueIdentifier>{a4570d43-5551-492f-a539-946b47e4b059}</UniqueIdentifier>
    </Filter>
    <Filter Include="addons\ofxTimecode">
      <UniqueIdentifier>{710740d5-d093-4625-a9f9-5ed7a3edad86}</UniqueIdentifier>
    </Filter>
    <Filter Include="addons\ofxTimecode\src">
      <UniqueIdentifier>{4d4384a3-3e2a-4f8c-bdd9-bf436815003b}</UniqueIdentifier>
    </Filter>
    <Filter Include="addons\ofxTween">
      <UniqueIdentifier>{855b891b-82ea-4d8f-a3eb-3ecc29653650}</UniqueIdentifier>
    </Filter>
    <Filter Include="addons\ofxTween\src">
      <UniqueIdentifier>{68bb5657-3062-4fd2-adb3-a81edc55075d}</UniqueIdentifier>
    </Filter>
    <Filter Include="addons\ofxTween\src\Easings">
      <UniqueIdentifier>{d500f84b-23b2-43ea-bd31-a6ede535f3cc}</UniqueIdentifier>
    </Filter>
    <Filter Include="addons\ofxXmlSettings">
      <UniqueIdentifier>{5e88a33a-c894-4c40-8b51-147a90a4a4be}</UniqueIdentifier>
    </Filter>
    <Filter Include="addons\ofxXmlSettings\src">
      <UniqueIdentifier>{de77885f-acde-446f-be1c-253a657e847c}</UniqueIdentifier>
    </Filter>
    <Filter Include="addons\ofxXmlSettings\libs">
      <UniqueIdentifier>{1f733fbb-fcca-4b7a-a03b-1d107e3d7229}</UniqueIdentifier>
    </Filter>
    <Filter Include="addons\ofxRange">
      <UniqueIdentifier>{e3723df0-1727-4109-90e8-f7dfc0f614d6}</UniqueIdentifier>
    </Filter>
    <Filter Include="addons\ofxRange\src">
      <UniqueIdentifier>{3373bc21-ea5e-4f3a-8f82-c02f060d24b5}</UniqueIdentifier>
    </Filter>
  </ItemGroup>
  <ItemGroup>
    <ClInclude Include="..\src\ofxHotKeys.h">
      <Filter>addons\ofxTimeline\src</Filter>
    </ClInclude>
    <ClInclude Include="..\src\ofxRemoveCocoaMenu.h">
      <Filter>addons\ofxTimeline\src</Filter>
    </ClInclude>
    <ClInclude Include="..\src\ofxTimeline.h">
      <Filter>addons\ofxTimeline\src</Filter>
    </ClInclude>
    <ClInclude Include="..\src\ofxTLAudioTrack.h">
      <Filter>addons\ofxTimeline\src</Filter>
    </ClInclude>
    <ClInclude Include="..\src\ofxTLBangs.h">
      <Filter>addons\ofxTimeline\src</Filter>
    </ClInclude>
    <ClInclude Include="..\src\ofxTLCameraTrack.h">
      <Filter>addons\ofxTimeline\src</Filter>
    </ClInclude>
    <ClInclude Include="..\src\ofxTLColors.h">
      <Filter>addons\ofxTimeline\src</Filter>
    </ClInclude>
    <ClInclude Include="..\src\ofxTLColorTrack.h">
      <Filter>addons\ofxTimeline\src</Filter>
    </ClInclude>
    <ClInclude Include="..\src\ofxTLCurves.h">
      <Filter>addons\ofxTimeline\src</Filter>
    </ClInclude>
    <ClInclude Include="..\src\ofxTLEmptyKeyframes.h">
      <Filter>addons\ofxTimeline\src</Filter>
    </ClInclude>
    <ClInclude Include="..\src\ofxTLEmptyTrack.h">
      <Filter>addons\ofxTimeline\src</Filter>
    </ClInclude>
    <ClInclude Include="..\src\ofxTLEvents.h">
      <Filter>addons\ofxTimeline\src</Filter>
    </ClInclude>
    <ClInclude Include="..\src\ofxTLFlags.h">
      <Filter>addons\ofxTimeline\src</Filter>
    </ClInclude>
    <ClInclude Include="..\src\ofxTLImageSequence.h">
      <Filter>addons\ofxTimeline\src</Filter>
    </ClInclude>
    <ClInclude Include="..\src\ofxTLImageSequenceFrame.h">
      <Filter>addons\ofxTimeline\src</Filter>
    </ClInclude>
    <ClInclude Include="..\src\ofxTLImageTrack.h">
      <Filter>addons\ofxTimeline\src</Filter>
    </ClInclude>
    <ClInclude Include="..\src\ofxTLInOut.h">
      <Filter>addons\ofxTimeline\src</Filter>
    </ClInclude>
    <ClInclude Include="..\src\ofxTLKeyframes.h">
      <Filter>addons\ofxTimeline\src</Filter>
    </ClInclude>
    <ClInclude Include="..\src\ofxTLLFO.h">
      <Filter>addons\ofxTimeline\src</Filter>
    </ClInclude>
    <ClInclude Include="..\src\ofxTLPage.h">
      <Filter>addons\ofxTimeline\src</Filter>
    </ClInclude>
    <ClInclude Include="..\src\ofxTLPageTabs.h">
      <Filter>addons\ofxTimeline\src</Filter>
    </ClInclude>
    <ClInclude Include="..\src\ofxTLSwitches.h">
      <Filter>addons\ofxTimeline\src</Filter>
    </ClInclude>
    <ClInclude Include="..\src\ofxTLTicker.h">
      <Filter>addons\ofxTimeline\src</Filter>
    </ClInclude>
    <ClInclude Include="..\src\ofxTLTrack.h">
      <Filter>addons\ofxTimeline\src</Filter>
    </ClInclude>
    <ClInclude Include="..\src\ofxTLTrackHeader.h">
      <Filter>addons\ofxTimeline\src</Filter>
    </ClInclude>
    <ClInclude Include="..\src\ofxTLVideoThumb.h">
      <Filter>addons\ofxTimeline\src</Filter>
    </ClInclude>
    <ClInclude Include="..\src\ofxTLVideoTrack.h">
      <Filter>addons\ofxTimeline\src</Filter>
    </ClInclude>
    <ClInclude Include="..\src\ofxTLZoomer.h">
      <Filter>addons\ofxTimeline\src</Filter>
    </ClInclude>
    <ClInclude Include="..\..\ofxMSATimer\src\ofxMSATimer.h">
      <Filter>addons\ofxMSATimer\src</Filter>
    </ClInclude>
    <ClInclude Include="..\..\ofxTextInputField\src\ofxTextInputField.h">
      <Filter>addons\ofxTextInputField\src</Filter>
    </ClInclude>
    <ClInclude Include="..\..\ofxTimecode\src\ofxTimecode.h">
      <Filter>addons\ofxTimecode\src</Filter>
    </ClInclude>
    <ClInclude Include="..\..\ofxTween\src\ofxTween.h">
      <Filter>addons\ofxTween\src</Filter>
    </ClInclude>
    <ClInclude Include="..\..\ofxTween\src\Easings\ofxEasing.h">
      <Filter>addons\ofxTween\src\Easings</Filter>
    </ClInclude>
    <ClInclude Include="..\..\ofxTween\src\Easings\ofxEasingBack.h">
      <Filter>addons\ofxTween\src\Easings</Filter>
    </ClInclude>
    <ClInclude Include="..\..\ofxTween\src\Easings\ofxEasingBounce.h">
      <Filter>addons\ofxTween\src\Easings</Filter>
    </ClInclude>
    <ClInclude Include="..\..\ofxTween\src\Easings\ofxEasingCirc.h">
      <Filter>addons\ofxTween\src\Easings</Filter>
    </ClInclude>
    <ClInclude Include="..\..\ofxTween\src\Easings\ofxEasingCubic.h">
      <Filter>addons\ofxTween\src\Easings</Filter>
    </ClInclude>
    <ClInclude Include="..\..\ofxTween\src\Easings\ofxEasingElastic.h">
      <Filter>addons\ofxTween\src\Easings</Filter>
    </ClInclude>
    <ClInclude Include="..\..\ofxTween\src\Easings\ofxEasingExpo.h">
      <Filter>addons\ofxTween\src\Easings</Filter>
    </ClInclude>
    <ClInclude Include="..\..\ofxTween\src\Easings\ofxEasingLinear.h">
      <Filter>addons\ofxTween\src\Easings</Filter>
    </ClInclude>
    <ClInclude Include="..\..\ofxTween\src\Easings\ofxEasingQuad.h">
      <Filter>addons\ofxTween\src\Easings</Filter>
    </ClInclude>
    <ClInclude Include="..\..\ofxTween\src\Easings\ofxEasingQuart.h">
      <Filter>addons\ofxTween\src\Easings</Filter>
    </ClInclude>
    <ClInclude Include="..\..\ofxTween\src\Easings\ofxEasingQuint.h">
      <Filter>addons\ofxTween\src\Easings</Filter>
    </ClInclude>
    <ClInclude Include="..\..\ofxTween\src\Easings\ofxEasingSine.h">
      <Filter>addons\ofxTween\src\Easings</Filter>
    </ClInclude>
    <ClInclude Include="..\..\ofxXmlSettings\src\ofxXmlSettings.h">
      <Filter>addons\ofxXmlSettings\src</Filter>
    </ClInclude>
    <ClInclude Include="..\..\ofxXmlSettings\libs\tinyxml.h">
      <Filter>addons\ofxXmlSettings\libs</Filter>
    </ClInclude>
    <ClInclude Include="src\ofApp.h">
      <Filter>src</Filter>
    </ClInclude>
    <ClInclude Include="..\..\ofxRange\src\ofRange.h">
      <Filter>addons\ofxRange\src</Filter>
    </ClInclude>
  </ItemGroup>
  <ItemGroup>
    <ResourceCompile Include="icon.rc" />
  </ItemGroup>
</Project>