// !$*UTF8*$!
{
	archiveVersion = 1;
	classes = {
	};
	objectVersion = 42;
	objects = {

/* Begin PBXBuildFile section */
		BBAB23CB13894F3D00AA2426 /* GLUT.framework in CopyFiles */ = {isa = PBXBuildFile; fileRef = BBAB23BE13894E4700AA2426 /* GLUT.framework */; };
		E4328149138ABC9F0047C5CB /* openFrameworksDebug.a in Frameworks */ = {isa = PBXBuildFile; fileRef = E4328148138ABC890047C5CB /* openFrameworksDebug.a */; };
		E45BE97B0E8CC7DD009D7055 /* AGL.framework in Frameworks */ = {isa = PBXBuildFile; fileRef = E45BE9710E8CC7DD009D7055 /* AGL.framework */; };
		E45BE97C0E8CC7DD009D7055 /* ApplicationServices.framework in Frameworks */ = {isa = PBXBuildFile; fileRef = E45BE9720E8CC7DD009D7055 /* ApplicationServices.framework */; };
		E45BE97D0E8CC7DD009D7055 /* AudioToolbox.framework in Frameworks */ = {isa = PBXBuildFile; fileRef = E45BE9730E8CC7DD009D7055 /* AudioToolbox.framework */; };
		E45BE97E0E8CC7DD009D7055 /* Carbon.framework in Frameworks */ = {isa = PBXBuildFile; fileRef = E45BE9740E8CC7DD009D7055 /* Carbon.framework */; };
		E45BE97F0E8CC7DD009D7055 /* CoreAudio.framework in Frameworks */ = {isa = PBXBuildFile; fileRef = E45BE9750E8CC7DD009D7055 /* CoreAudio.framework */; };
		E45BE9800E8CC7DD009D7055 /* CoreFoundation.framework in Frameworks */ = {isa = PBXBuildFile; fileRef = E45BE9760E8CC7DD009D7055 /* CoreFoundation.framework */; };
		E45BE9810E8CC7DD009D7055 /* CoreServices.framework in Frameworks */ = {isa = PBXBuildFile; fileRef = E45BE9770E8CC7DD009D7055 /* CoreServices.framework */; };
		E45BE9830E8CC7DD009D7055 /* OpenGL.framework in Frameworks */ = {isa = PBXBuildFile; fileRef = E45BE9790E8CC7DD009D7055 /* OpenGL.framework */; };
		E45BE9840E8CC7DD009D7055 /* QuickTime.framework in Frameworks */ = {isa = PBXBuildFile; fileRef = E45BE97A0E8CC7DD009D7055 /* QuickTime.framework */; };
		E4B69E200A3A1BDC003C02F2 /* main.cpp in Sources */ = {isa = PBXBuildFile; fileRef = E4B69E1D0A3A1BDC003C02F2 /* main.cpp */; };
		E4B69E210A3A1BDC003C02F2 /* testApp.cpp in Sources */ = {isa = PBXBuildFile; fileRef = E4B69E1E0A3A1BDC003C02F2 /* testApp.cpp */; };
		E4C2424710CC5A17004149E2 /* AppKit.framework in Frameworks */ = {isa = PBXBuildFile; fileRef = E4C2424410CC5A17004149E2 /* AppKit.framework */; };
		E4C2424810CC5A17004149E2 /* Cocoa.framework in Frameworks */ = {isa = PBXBuildFile; fileRef = E4C2424510CC5A17004149E2 /* Cocoa.framework */; };
		E4C2424910CC5A17004149E2 /* IOKit.framework in Frameworks */ = {isa = PBXBuildFile; fileRef = E4C2424610CC5A17004149E2 /* IOKit.framework */; };
		E4EB6799138ADC1D00A09F29 /* GLUT.framework in Frameworks */ = {isa = PBXBuildFile; fileRef = BBAB23BE13894E4700AA2426 /* GLUT.framework */; };
		E729170A15DCED5200061871 /* QTKit.framework in Frameworks */ = {isa = PBXBuildFile; fileRef = E729170915DCED5200061871 /* QTKit.framework */; };
		E729170C15DCED5700061871 /* CoreVideo.framework in Frameworks */ = {isa = PBXBuildFile; fileRef = E729170B15DCED5700061871 /* CoreVideo.framework */; };
		E748F65A15EB92EB00B4157F /* Accelerate.framework in Frameworks */ = {isa = PBXBuildFile; fileRef = E748F65815EB92C900B4157F /* Accelerate.framework */; };
		E748F71E15EBA7B500B4157F /* ofxTLCurves.cpp in Sources */ = {isa = PBXBuildFile; fileRef = E748F71C15EBA7B500B4157F /* ofxTLCurves.cpp */; };
		E7D328DA15D3676F0009192F /* ofxTextInputField.cpp in Sources */ = {isa = PBXBuildFile; fileRef = E7D328D115D3676F0009192F /* ofxTextInputField.cpp */; };
		E7D3307215D367820009192F /* ofxTimeline.cpp in Sources */ = {isa = PBXBuildFile; fileRef = E7D3301315D367800009192F /* ofxTimeline.cpp */; };
		E7D3307315D367820009192F /* ofxTLAudioTrack.cpp in Sources */ = {isa = PBXBuildFile; fileRef = E7D3301515D367800009192F /* ofxTLAudioTrack.cpp */; };
		E7D3307415D367820009192F /* ofxTLBangs.cpp in Sources */ = {isa = PBXBuildFile; fileRef = E7D3301715D367800009192F /* ofxTLBangs.cpp */; };
		E7D3307515D367820009192F /* ofxTLColors.cpp in Sources */ = {isa = PBXBuildFile; fileRef = E7D3301915D367800009192F /* ofxTLColors.cpp */; };
		E7D3307615D367820009192F /* ofxTLFlags.cpp in Sources */ = {isa = PBXBuildFile; fileRef = E7D3301C15D367800009192F /* ofxTLFlags.cpp */; };
		E7D3307715D367820009192F /* ofxTLImageSequence.cpp in Sources */ = {isa = PBXBuildFile; fileRef = E7D3301E15D367800009192F /* ofxTLImageSequence.cpp */; };
		E7D3307815D367820009192F /* ofxTLImageSequenceFrame.cpp in Sources */ = {isa = PBXBuildFile; fileRef = E7D3302015D367800009192F /* ofxTLImageSequenceFrame.cpp */; };
		E7D3307915D367820009192F /* ofxTLImageTrack.cpp in Sources */ = {isa = PBXBuildFile; fileRef = E7D3302215D367800009192F /* ofxTLImageTrack.cpp */; };
		E7D3307A15D367820009192F /* ofxTLInOut.cpp in Sources */ = {isa = PBXBuildFile; fileRef = E7D3302415D367800009192F /* ofxTLInOut.cpp */; };
		E7D3307B15D367820009192F /* ofxTLKeyframes.cpp in Sources */ = {isa = PBXBuildFile; fileRef = E7D3302615D367800009192F /* ofxTLKeyframes.cpp */; };
		E7D3307C15D367820009192F /* ofxTLPage.cpp in Sources */ = {isa = PBXBuildFile; fileRef = E7D3302815D367800009192F /* ofxTLPage.cpp */; };
		E7D3307D15D367820009192F /* ofxTLPageTabs.cpp in Sources */ = {isa = PBXBuildFile; fileRef = E7D3302A15D367800009192F /* ofxTLPageTabs.cpp */; };
		E7D3307E15D367820009192F /* ofxTLSwitches.cpp in Sources */ = {isa = PBXBuildFile; fileRef = E7D3302C15D367800009192F /* ofxTLSwitches.cpp */; };
		E7D3307F15D367820009192F /* ofxTLTicker.cpp in Sources */ = {isa = PBXBuildFile; fileRef = E7D3302E15D367800009192F /* ofxTLTicker.cpp */; };
		E7D3308015D367820009192F /* ofxTLTrack.cpp in Sources */ = {isa = PBXBuildFile; fileRef = E7D3303115D367800009192F /* ofxTLTrack.cpp */; };
		E7D3308115D367820009192F /* ofxTLTrackHeader.cpp in Sources */ = {isa = PBXBuildFile; fileRef = E7D3303315D367800009192F /* ofxTLTrackHeader.cpp */; };
		E7D3308315D367820009192F /* ofxTLVideoThumb.cpp in Sources */ = {isa = PBXBuildFile; fileRef = E7D3303815D367800009192F /* ofxTLVideoThumb.cpp */; };
		E7D3308415D367820009192F /* ofxTLVideoTrack.cpp in Sources */ = {isa = PBXBuildFile; fileRef = E7D3303A15D367800009192F /* ofxTLVideoTrack.cpp */; };
		E7D3308515D367820009192F /* ofxTLZoomer.cpp in Sources */ = {isa = PBXBuildFile; fileRef = E7D3303C15D367800009192F /* ofxTLZoomer.cpp */; };
		E7D330AC15D3678D0009192F /* ofxTimecode.cpp in Sources */ = {isa = PBXBuildFile; fileRef = E7D330A315D3678D0009192F /* ofxTimecode.cpp */; };
		E7D330F015D367A60009192F /* ofxEasing.cpp in Sources */ = {isa = PBXBuildFile; fileRef = E7D330C915D367A50009192F /* ofxEasing.cpp */; };
		E7D330F115D367A60009192F /* ofxEasingBack.cpp in Sources */ = {isa = PBXBuildFile; fileRef = E7D330CB15D367A50009192F /* ofxEasingBack.cpp */; };
		E7D330F215D367A60009192F /* ofxEasingBounce.cpp in Sources */ = {isa = PBXBuildFile; fileRef = E7D330CD15D367A50009192F /* ofxEasingBounce.cpp */; };
		E7D330F315D367A60009192F /* ofxEasingCirc.cpp in Sources */ = {isa = PBXBuildFile; fileRef = E7D330CF15D367A50009192F /* ofxEasingCirc.cpp */; };
		E7D330F415D367A60009192F /* ofxEasingCubic.cpp in Sources */ = {isa = PBXBuildFile; fileRef = E7D330D115D367A50009192F /* ofxEasingCubic.cpp */; };
		E7D330F515D367A60009192F /* ofxEasingElastic.cpp in Sources */ = {isa = PBXBuildFile; fileRef = E7D330D315D367A50009192F /* ofxEasingElastic.cpp */; };
		E7D330F615D367A60009192F /* ofxEasingExpo.cpp in Sources */ = {isa = PBXBuildFile; fileRef = E7D330D515D367A50009192F /* ofxEasingExpo.cpp */; };
		E7D330F715D367A60009192F /* ofxEasingLinear.cpp in Sources */ = {isa = PBXBuildFile; fileRef = E7D330D715D367A50009192F /* ofxEasingLinear.cpp */; };
		E7D330F815D367A60009192F /* ofxEasingQuad.cpp in Sources */ = {isa = PBXBuildFile; fileRef = E7D330D915D367A50009192F /* ofxEasingQuad.cpp */; };
		E7D330F915D367A60009192F /* ofxEasingQuart.cpp in Sources */ = {isa = PBXBuildFile; fileRef = E7D330DB15D367A50009192F /* ofxEasingQuart.cpp */; };
		E7D330FA15D367A60009192F /* ofxEasingQuint.cpp in Sources */ = {isa = PBXBuildFile; fileRef = E7D330DD15D367A50009192F /* ofxEasingQuint.cpp */; };
		E7D330FB15D367A60009192F /* ofxEasingSine.cpp in Sources */ = {isa = PBXBuildFile; fileRef = E7D330DF15D367A50009192F /* ofxEasingSine.cpp */; };
		E7D330FC15D367A60009192F /* ofxTween.cpp in Sources */ = {isa = PBXBuildFile; fileRef = E7D330E115D367A50009192F /* ofxTween.cpp */; };
		E7D3310915D368020009192F /* ofxMSATimer.cpp in Sources */ = {isa = PBXBuildFile; fileRef = E7D3310715D368020009192F /* ofxMSATimer.cpp */; };
		E7D3311315D368280009192F /* tinyxml.cpp in Sources */ = {isa = PBXBuildFile; fileRef = E7D3310C15D368280009192F /* tinyxml.cpp */; };
		E7D3311415D368280009192F /* tinyxmlerror.cpp in Sources */ = {isa = PBXBuildFile; fileRef = E7D3310E15D368280009192F /* tinyxmlerror.cpp */; };
		E7D3311515D368280009192F /* tinyxmlparser.cpp in Sources */ = {isa = PBXBuildFile; fileRef = E7D3310F15D368280009192F /* tinyxmlparser.cpp */; };
		E7D3311615D368280009192F /* ofxXmlSettings.cpp in Sources */ = {isa = PBXBuildFile; fileRef = E7D3311115D368280009192F /* ofxXmlSettings.cpp */; };
		E7D3311815D3686C0009192F /* OpenAL.framework in Frameworks */ = {isa = PBXBuildFile; fileRef = E7D3311715D3686C0009192F /* OpenAL.framework */; };
		E7D3315215D379230009192F /* kiss_fft.c in Sources */ = {isa = PBXBuildFile; fileRef = E7D3313615D379230009192F /* kiss_fft.c */; };
		E7D3315315D379230009192F /* kiss_fftr.c in Sources */ = {isa = PBXBuildFile; fileRef = E7D3313715D379230009192F /* kiss_fftr.c */; };
		E7D3315415D379230009192F /* ofOpenALSoundPlayer_TimelineAdditions.cpp in Sources */ = {isa = PBXBuildFile; fileRef = E7D3313915D379230009192F /* ofOpenALSoundPlayer_TimelineAdditions.cpp */; };
		E7D3315815D379230009192F /* libsndfile.a in Frameworks */ = {isa = PBXBuildFile; fileRef = E7D3314615D379230009192F /* libsndfile.a */; };
/* End PBXBuildFile section */

/* Begin PBXContainerItemProxy section */
		E4328147138ABC890047C5CB /* PBXContainerItemProxy */ = {
			isa = PBXContainerItemProxy;
			containerPortal = E4328143138ABC890047C5CB /* openFrameworksLib.xcodeproj */;
			proxyType = 2;
			remoteGlobalIDString = E4B27C1510CBEB8E00536013;
			remoteInfo = openFrameworks;
		};
		E4EEB9AB138B136A00A80321 /* PBXContainerItemProxy */ = {
			isa = PBXContainerItemProxy;
			containerPortal = E4328143138ABC890047C5CB /* openFrameworksLib.xcodeproj */;
			proxyType = 1;
			remoteGlobalIDString = E4B27C1410CBEB8E00536013;
			remoteInfo = openFrameworks;
		};
/* End PBXContainerItemProxy section */

/* Begin PBXCopyFilesBuildPhase section */
		E4C2427710CC5ABF004149E2 /* CopyFiles */ = {
			isa = PBXCopyFilesBuildPhase;
			buildActionMask = 2147483647;
			dstPath = "";
			dstSubfolderSpec = 10;
			files = (
				BBAB23CB13894F3D00AA2426 /* GLUT.framework in CopyFiles */,
			);
			runOnlyForDeploymentPostprocessing = 0;
		};
/* End PBXCopyFilesBuildPhase section */

/* Begin PBXFileReference section */
		BBAB23BE13894E4700AA2426 /* GLUT.framework */ = {isa = PBXFileReference; lastKnownFileType = wrapper.framework; name = GLUT.framework; path = ../../../libs/glut/lib/osx/GLUT.framework; sourceTree = "<group>"; };
		E4328143138ABC890047C5CB /* openFrameworksLib.xcodeproj */ = {isa = PBXFileReference; lastKnownFileType = "wrapper.pb-project"; name = openFrameworksLib.xcodeproj; path = ../../../libs/openFrameworksCompiled/project/osx/openFrameworksLib.xcodeproj; sourceTree = SOURCE_ROOT; };
		E45BE9710E8CC7DD009D7055 /* AGL.framework */ = {isa = PBXFileReference; lastKnownFileType = wrapper.framework; name = AGL.framework; path = /System/Library/Frameworks/AGL.framework; sourceTree = "<absolute>"; };
		E45BE9720E8CC7DD009D7055 /* ApplicationServices.framework */ = {isa = PBXFileReference; lastKnownFileType = wrapper.framework; name = ApplicationServices.framework; path = /System/Library/Frameworks/ApplicationServices.framework; sourceTree = "<absolute>"; };
		E45BE9730E8CC7DD009D7055 /* AudioToolbox.framework */ = {isa = PBXFileReference; lastKnownFileType = wrapper.framework; name = AudioToolbox.framework; path = /System/Library/Frameworks/AudioToolbox.framework; sourceTree = "<absolute>"; };
		E45BE9740E8CC7DD009D7055 /* Carbon.framework */ = {isa = PBXFileReference; lastKnownFileType = wrapper.framework; name = Carbon.framework; path = /System/Library/Frameworks/Carbon.framework; sourceTree = "<absolute>"; };
		E45BE9750E8CC7DD009D7055 /* CoreAudio.framework */ = {isa = PBXFileReference; lastKnownFileType = wrapper.framework; name = CoreAudio.framework; path = /System/Library/Frameworks/CoreAudio.framework; sourceTree = "<absolute>"; };
		E45BE9760E8CC7DD009D7055 /* CoreFoundation.framework */ = {isa = PBXFileReference; lastKnownFileType = wrapper.framework; name = CoreFoundation.framework; path = /System/Library/Frameworks/CoreFoundation.framework; sourceTree = "<absolute>"; };
		E45BE9770E8CC7DD009D7055 /* CoreServices.framework */ = {isa = PBXFileReference; lastKnownFileType = wrapper.framework; name = CoreServices.framework; path = /System/Library/Frameworks/CoreServices.framework; sourceTree = "<absolute>"; };
		E45BE9790E8CC7DD009D7055 /* OpenGL.framework */ = {isa = PBXFileReference; lastKnownFileType = wrapper.framework; name = OpenGL.framework; path = /System/Library/Frameworks/OpenGL.framework; sourceTree = "<absolute>"; };
		E45BE97A0E8CC7DD009D7055 /* QuickTime.framework */ = {isa = PBXFileReference; lastKnownFileType = wrapper.framework; name = QuickTime.framework; path = /System/Library/Frameworks/QuickTime.framework; sourceTree = "<absolute>"; };
		E4B69B5B0A3A1756003C02F2 /* audioWaveformExampleDebug.app */ = {isa = PBXFileReference; explicitFileType = wrapper.application; includeInIndex = 0; path = audioWaveformExampleDebug.app; sourceTree = BUILT_PRODUCTS_DIR; };
		E4B69E1D0A3A1BDC003C02F2 /* main.cpp */ = {isa = PBXFileReference; fileEncoding = 30; lastKnownFileType = sourcecode.cpp.cpp; name = main.cpp; path = src/main.cpp; sourceTree = SOURCE_ROOT; };
		E4B69E1E0A3A1BDC003C02F2 /* testApp.cpp */ = {isa = PBXFileReference; explicitFileType = sourcecode.cpp.cpp; fileEncoding = 30; name = testApp.cpp; path = src/testApp.cpp; sourceTree = SOURCE_ROOT; };
		E4B69E1F0A3A1BDC003C02F2 /* testApp.h */ = {isa = PBXFileReference; fileEncoding = 30; lastKnownFileType = sourcecode.c.h; name = testApp.h; path = src/testApp.h; sourceTree = SOURCE_ROOT; };
		E4B6FCAD0C3E899E008CF71C /* openFrameworks-Info.plist */ = {isa = PBXFileReference; fileEncoding = 30; lastKnownFileType = text.plist.xml; path = "openFrameworks-Info.plist"; sourceTree = "<group>"; };
		E4C2424410CC5A17004149E2 /* AppKit.framework */ = {isa = PBXFileReference; lastKnownFileType = wrapper.framework; name = AppKit.framework; path = /System/Library/Frameworks/AppKit.framework; sourceTree = "<absolute>"; };
		E4C2424510CC5A17004149E2 /* Cocoa.framework */ = {isa = PBXFileReference; lastKnownFileType = wrapper.framework; name = Cocoa.framework; path = /System/Library/Frameworks/Cocoa.framework; sourceTree = "<absolute>"; };
		E4C2424610CC5A17004149E2 /* IOKit.framework */ = {isa = PBXFileReference; lastKnownFileType = wrapper.framework; name = IOKit.framework; path = /System/Library/Frameworks/IOKit.framework; sourceTree = "<absolute>"; };
		E4EB691F138AFCF100A09F29 /* CoreOF.xcconfig */ = {isa = PBXFileReference; fileEncoding = 4; lastKnownFileType = text.xcconfig; name = CoreOF.xcconfig; path = ../../../libs/openFrameworksCompiled/project/osx/CoreOF.xcconfig; sourceTree = SOURCE_ROOT; };
		E4EB6923138AFD0F00A09F29 /* Project.xcconfig */ = {isa = PBXFileReference; fileEncoding = 4; lastKnownFileType = text.xcconfig; path = Project.xcconfig; sourceTree = "<group>"; };
		E729170615DCED1100061871 /* .gitignore */ = {isa = PBXFileReference; fileEncoding = 4; lastKnownFileType = text; path = .gitignore; sourceTree = "<group>"; };
		E729170815DCED1100061871 /* ofRange.h */ = {isa = PBXFileReference; fileEncoding = 4; lastKnownFileType = sourcecode.c.h; path = ofRange.h; sourceTree = "<group>"; };
		E729170915DCED5200061871 /* QTKit.framework */ = {isa = PBXFileReference; lastKnownFileType = wrapper.framework; name = QTKit.framework; path = System/Library/Frameworks/QTKit.framework; sourceTree = SDKROOT; };
		E729170B15DCED5700061871 /* CoreVideo.framework */ = {isa = PBXFileReference; lastKnownFileType = wrapper.framework; name = CoreVideo.framework; path = System/Library/Frameworks/CoreVideo.framework; sourceTree = SDKROOT; };
		E748F65815EB92C900B4157F /* Accelerate.framework */ = {isa = PBXFileReference; lastKnownFileType = wrapper.framework; name = Accelerate.framework; path = System/Library/Frameworks/Accelerate.framework; sourceTree = SDKROOT; };
		E748F71C15EBA7B500B4157F /* ofxTLCurves.cpp */ = {isa = PBXFileReference; fileEncoding = 4; lastKnownFileType = sourcecode.cpp.cpp; path = ofxTLCurves.cpp; sourceTree = "<group>"; };
		E748F71D15EBA7B500B4157F /* ofxTLCurves.h */ = {isa = PBXFileReference; fileEncoding = 4; lastKnownFileType = sourcecode.c.h; path = ofxTLCurves.h; sourceTree = "<group>"; };
		E7D328D115D3676F0009192F /* ofxTextInputField.cpp */ = {isa = PBXFileReference; fileEncoding = 4; lastKnownFileType = sourcecode.cpp.cpp; path = ofxTextInputField.cpp; sourceTree = "<group>"; };
		E7D328D215D3676F0009192F /* ofxTextInputField.h */ = {isa = PBXFileReference; fileEncoding = 4; lastKnownFileType = sourcecode.c.h; path = ofxTextInputField.h; sourceTree = "<group>"; };
		E7D3301115D367800009192F /* README.md */ = {isa = PBXFileReference; fileEncoding = 4; lastKnownFileType = text; path = README.md; sourceTree = "<group>"; };
		E7D3301315D367800009192F /* ofxTimeline.cpp */ = {isa = PBXFileReference; fileEncoding = 4; lastKnownFileType = sourcecode.cpp.cpp; path = ofxTimeline.cpp; sourceTree = "<group>"; };
		E7D3301415D367800009192F /* ofxTimeline.h */ = {isa = PBXFileReference; fileEncoding = 4; lastKnownFileType = sourcecode.c.h; path = ofxTimeline.h; sourceTree = "<group>"; };
		E7D3301515D367800009192F /* ofxTLAudioTrack.cpp */ = {isa = PBXFileReference; fileEncoding = 4; lastKnownFileType = sourcecode.cpp.cpp; path = ofxTLAudioTrack.cpp; sourceTree = "<group>"; };
		E7D3301615D367800009192F /* ofxTLAudioTrack.h */ = {isa = PBXFileReference; fileEncoding = 4; lastKnownFileType = sourcecode.c.h; path = ofxTLAudioTrack.h; sourceTree = "<group>"; };
		E7D3301715D367800009192F /* ofxTLBangs.cpp */ = {isa = PBXFileReference; fileEncoding = 4; lastKnownFileType = sourcecode.cpp.cpp; path = ofxTLBangs.cpp; sourceTree = "<group>"; };
		E7D3301815D367800009192F /* ofxTLBangs.h */ = {isa = PBXFileReference; fileEncoding = 4; lastKnownFileType = sourcecode.c.h; path = ofxTLBangs.h; sourceTree = "<group>"; };
		E7D3301915D367800009192F /* ofxTLColors.cpp */ = {isa = PBXFileReference; fileEncoding = 4; lastKnownFileType = sourcecode.cpp.cpp; path = ofxTLColors.cpp; sourceTree = "<group>"; };
		E7D3301A15D367800009192F /* ofxTLColors.h */ = {isa = PBXFileReference; fileEncoding = 4; lastKnownFileType = sourcecode.c.h; path = ofxTLColors.h; sourceTree = "<group>"; };
		E7D3301B15D367800009192F /* ofxTLEvents.h */ = {isa = PBXFileReference; fileEncoding = 4; lastKnownFileType = sourcecode.c.h; path = ofxTLEvents.h; sourceTree = "<group>"; };
		E7D3301C15D367800009192F /* ofxTLFlags.cpp */ = {isa = PBXFileReference; fileEncoding = 4; lastKnownFileType = sourcecode.cpp.cpp; path = ofxTLFlags.cpp; sourceTree = "<group>"; };
		E7D3301D15D367800009192F /* ofxTLFlags.h */ = {isa = PBXFileReference; fileEncoding = 4; lastKnownFileType = sourcecode.c.h; path = ofxTLFlags.h; sourceTree = "<group>"; };
		E7D3301E15D367800009192F /* ofxTLImageSequence.cpp */ = {isa = PBXFileReference; fileEncoding = 4; lastKnownFileType = sourcecode.cpp.cpp; path = ofxTLImageSequence.cpp; sourceTree = "<group>"; };
		E7D3301F15D367800009192F /* ofxTLImageSequence.h */ = {isa = PBXFileReference; fileEncoding = 4; lastKnownFileType = sourcecode.c.h; path = ofxTLImageSequence.h; sourceTree = "<group>"; };
		E7D3302015D367800009192F /* ofxTLImageSequenceFrame.cpp */ = {isa = PBXFileReference; fileEncoding = 4; lastKnownFileType = sourcecode.cpp.cpp; path = ofxTLImageSequenceFrame.cpp; sourceTree = "<group>"; };
		E7D3302115D367800009192F /* ofxTLImageSequenceFrame.h */ = {isa = PBXFileReference; fileEncoding = 4; lastKnownFileType = sourcecode.c.h; path = ofxTLImageSequenceFrame.h; sourceTree = "<group>"; };
		E7D3302215D367800009192F /* ofxTLImageTrack.cpp */ = {isa = PBXFileReference; fileEncoding = 4; lastKnownFileType = sourcecode.cpp.cpp; path = ofxTLImageTrack.cpp; sourceTree = "<group>"; };
		E7D3302315D367800009192F /* ofxTLImageTrack.h */ = {isa = PBXFileReference; fileEncoding = 4; lastKnownFileType = sourcecode.c.h; path = ofxTLImageTrack.h; sourceTree = "<group>"; };
		E7D3302415D367800009192F /* ofxTLInOut.cpp */ = {isa = PBXFileReference; fileEncoding = 4; lastKnownFileType = sourcecode.cpp.cpp; path = ofxTLInOut.cpp; sourceTree = "<group>"; };
		E7D3302515D367800009192F /* ofxTLInOut.h */ = {isa = PBXFileReference; fileEncoding = 4; lastKnownFileType = sourcecode.c.h; path = ofxTLInOut.h; sourceTree = "<group>"; };
		E7D3302615D367800009192F /* ofxTLKeyframes.cpp */ = {isa = PBXFileReference; fileEncoding = 4; lastKnownFileType = sourcecode.cpp.cpp; path = ofxTLKeyframes.cpp; sourceTree = "<group>"; };
		E7D3302715D367800009192F /* ofxTLKeyframes.h */ = {isa = PBXFileReference; fileEncoding = 4; lastKnownFileType = sourcecode.c.h; path = ofxTLKeyframes.h; sourceTree = "<group>"; };
		E7D3302815D367800009192F /* ofxTLPage.cpp */ = {isa = PBXFileReference; fileEncoding = 4; lastKnownFileType = sourcecode.cpp.cpp; path = ofxTLPage.cpp; sourceTree = "<group>"; };
		E7D3302915D367800009192F /* ofxTLPage.h */ = {isa = PBXFileReference; fileEncoding = 4; lastKnownFileType = sourcecode.c.h; path = ofxTLPage.h; sourceTree = "<group>"; };
		E7D3302A15D367800009192F /* ofxTLPageTabs.cpp */ = {isa = PBXFileReference; fileEncoding = 4; lastKnownFileType = sourcecode.cpp.cpp; path = ofxTLPageTabs.cpp; sourceTree = "<group>"; };
		E7D3302B15D367800009192F /* ofxTLPageTabs.h */ = {isa = PBXFileReference; fileEncoding = 4; lastKnownFileType = sourcecode.c.h; path = ofxTLPageTabs.h; sourceTree = "<group>"; };
		E7D3302C15D367800009192F /* ofxTLSwitches.cpp */ = {isa = PBXFileReference; fileEncoding = 4; lastKnownFileType = sourcecode.cpp.cpp; path = ofxTLSwitches.cpp; sourceTree = "<group>"; };
		E7D3302D15D367800009192F /* ofxTLSwitches.h */ = {isa = PBXFileReference; fileEncoding = 4; lastKnownFileType = sourcecode.c.h; path = ofxTLSwitches.h; sourceTree = "<group>"; };
		E7D3302E15D367800009192F /* ofxTLTicker.cpp */ = {isa = PBXFileReference; fileEncoding = 4; lastKnownFileType = sourcecode.cpp.cpp; path = ofxTLTicker.cpp; sourceTree = "<group>"; };
		E7D3302F15D367800009192F /* ofxTLTicker.h */ = {isa = PBXFileReference; fileEncoding = 4; lastKnownFileType = sourcecode.c.h; path = ofxTLTicker.h; sourceTree = "<group>"; };
		E7D3303015D367800009192F /* ofxTLTimeController.h */ = {isa = PBXFileReference; fileEncoding = 4; lastKnownFileType = sourcecode.c.h; path = ofxTLTimeController.h; sourceTree = "<group>"; };
		E7D3303115D367800009192F /* ofxTLTrack.cpp */ = {isa = PBXFileReference; fileEncoding = 4; lastKnownFileType = sourcecode.cpp.cpp; path = ofxTLTrack.cpp; sourceTree = "<group>"; };
		E7D3303215D367800009192F /* ofxTLTrack.h */ = {isa = PBXFileReference; fileEncoding = 4; lastKnownFileType = sourcecode.c.h; path = ofxTLTrack.h; sourceTree = "<group>"; };
		E7D3303315D367800009192F /* ofxTLTrackHeader.cpp */ = {isa = PBXFileReference; fileEncoding = 4; lastKnownFileType = sourcecode.cpp.cpp; path = ofxTLTrackHeader.cpp; sourceTree = "<group>"; };
		E7D3303415D367800009192F /* ofxTLTrackHeader.h */ = {isa = PBXFileReference; fileEncoding = 4; lastKnownFileType = sourcecode.c.h; path = ofxTLTrackHeader.h; sourceTree = "<group>"; };
		E7D3303715D367800009192F /* ofxTLUtils.h */ = {isa = PBXFileReference; fileEncoding = 4; lastKnownFileType = sourcecode.c.h; path = ofxTLUtils.h; sourceTree = "<group>"; };
		E7D3303815D367800009192F /* ofxTLVideoThumb.cpp */ = {isa = PBXFileReference; fileEncoding = 4; lastKnownFileType = sourcecode.cpp.cpp; path = ofxTLVideoThumb.cpp; sourceTree = "<group>"; };
		E7D3303915D367800009192F /* ofxTLVideoThumb.h */ = {isa = PBXFileReference; fileEncoding = 4; lastKnownFileType = sourcecode.c.h; path = ofxTLVideoThumb.h; sourceTree = "<group>"; };
		E7D3303A15D367800009192F /* ofxTLVideoTrack.cpp */ = {isa = PBXFileReference; fileEncoding = 4; lastKnownFileType = sourcecode.cpp.cpp; path = ofxTLVideoTrack.cpp; sourceTree = "<group>"; };
		E7D3303B15D367800009192F /* ofxTLVideoTrack.h */ = {isa = PBXFileReference; fileEncoding = 4; lastKnownFileType = sourcecode.c.h; path = ofxTLVideoTrack.h; sourceTree = "<group>"; };
		E7D3303C15D367800009192F /* ofxTLZoomer.cpp */ = {isa = PBXFileReference; fileEncoding = 4; lastKnownFileType = sourcecode.cpp.cpp; path = ofxTLZoomer.cpp; sourceTree = "<group>"; };
		E7D3303D15D367800009192F /* ofxTLZoomer.h */ = {isa = PBXFileReference; fileEncoding = 4; lastKnownFileType = sourcecode.c.h; path = ofxTLZoomer.h; sourceTree = "<group>"; };
		E7D330A315D3678D0009192F /* ofxTimecode.cpp */ = {isa = PBXFileReference; fileEncoding = 4; lastKnownFileType = sourcecode.cpp.cpp; path = ofxTimecode.cpp; sourceTree = "<group>"; };
		E7D330A415D3678D0009192F /* ofxTimecode.h */ = {isa = PBXFileReference; fileEncoding = 4; lastKnownFileType = sourcecode.c.h; path = ofxTimecode.h; sourceTree = "<group>"; };
		E7D330C815D367A50009192F /* easing_terms_of_use.html */ = {isa = PBXFileReference; fileEncoding = 4; lastKnownFileType = text.html; path = easing_terms_of_use.html; sourceTree = "<group>"; };
		E7D330C915D367A50009192F /* ofxEasing.cpp */ = {isa = PBXFileReference; fileEncoding = 4; lastKnownFileType = sourcecode.cpp.cpp; path = ofxEasing.cpp; sourceTree = "<group>"; };
		E7D330CA15D367A50009192F /* ofxEasing.h */ = {isa = PBXFileReference; fileEncoding = 4; lastKnownFileType = sourcecode.c.h; path = ofxEasing.h; sourceTree = "<group>"; };
		E7D330CB15D367A50009192F /* ofxEasingBack.cpp */ = {isa = PBXFileReference; fileEncoding = 4; lastKnownFileType = sourcecode.cpp.cpp; path = ofxEasingBack.cpp; sourceTree = "<group>"; };
		E7D330CC15D367A50009192F /* ofxEasingBack.h */ = {isa = PBXFileReference; fileEncoding = 4; lastKnownFileType = sourcecode.c.h; path = ofxEasingBack.h; sourceTree = "<group>"; };
		E7D330CD15D367A50009192F /* ofxEasingBounce.cpp */ = {isa = PBXFileReference; fileEncoding = 4; lastKnownFileType = sourcecode.cpp.cpp; path = ofxEasingBounce.cpp; sourceTree = "<group>"; };
		E7D330CE15D367A50009192F /* ofxEasingBounce.h */ = {isa = PBXFileReference; fileEncoding = 4; lastKnownFileType = sourcecode.c.h; path = ofxEasingBounce.h; sourceTree = "<group>"; };
		E7D330CF15D367A50009192F /* ofxEasingCirc.cpp */ = {isa = PBXFileReference; fileEncoding = 4; lastKnownFileType = sourcecode.cpp.cpp; path = ofxEasingCirc.cpp; sourceTree = "<group>"; };
		E7D330D015D367A50009192F /* ofxEasingCirc.h */ = {isa = PBXFileReference; fileEncoding = 4; lastKnownFileType = sourcecode.c.h; path = ofxEasingCirc.h; sourceTree = "<group>"; };
		E7D330D115D367A50009192F /* ofxEasingCubic.cpp */ = {isa = PBXFileReference; fileEncoding = 4; lastKnownFileType = sourcecode.cpp.cpp; path = ofxEasingCubic.cpp; sourceTree = "<group>"; };
		E7D330D215D367A50009192F /* ofxEasingCubic.h */ = {isa = PBXFileReference; fileEncoding = 4; lastKnownFileType = sourcecode.c.h; path = ofxEasingCubic.h; sourceTree = "<group>"; };
		E7D330D315D367A50009192F /* ofxEasingElastic.cpp */ = {isa = PBXFileReference; fileEncoding = 4; lastKnownFileType = sourcecode.cpp.cpp; path = ofxEasingElastic.cpp; sourceTree = "<group>"; };
		E7D330D415D367A50009192F /* ofxEasingElastic.h */ = {isa = PBXFileReference; fileEncoding = 4; lastKnownFileType = sourcecode.c.h; path = ofxEasingElastic.h; sourceTree = "<group>"; };
		E7D330D515D367A50009192F /* ofxEasingExpo.cpp */ = {isa = PBXFileReference; fileEncoding = 4; lastKnownFileType = sourcecode.cpp.cpp; path = ofxEasingExpo.cpp; sourceTree = "<group>"; };
		E7D330D615D367A50009192F /* ofxEasingExpo.h */ = {isa = PBXFileReference; fileEncoding = 4; lastKnownFileType = sourcecode.c.h; path = ofxEasingExpo.h; sourceTree = "<group>"; };
		E7D330D715D367A50009192F /* ofxEasingLinear.cpp */ = {isa = PBXFileReference; fileEncoding = 4; lastKnownFileType = sourcecode.cpp.cpp; path = ofxEasingLinear.cpp; sourceTree = "<group>"; };
		E7D330D815D367A50009192F /* ofxEasingLinear.h */ = {isa = PBXFileReference; fileEncoding = 4; lastKnownFileType = sourcecode.c.h; path = ofxEasingLinear.h; sourceTree = "<group>"; };
		E7D330D915D367A50009192F /* ofxEasingQuad.cpp */ = {isa = PBXFileReference; fileEncoding = 4; lastKnownFileType = sourcecode.cpp.cpp; path = ofxEasingQuad.cpp; sourceTree = "<group>"; };
		E7D330DA15D367A50009192F /* ofxEasingQuad.h */ = {isa = PBXFileReference; fileEncoding = 4; lastKnownFileType = sourcecode.c.h; path = ofxEasingQuad.h; sourceTree = "<group>"; };
		E7D330DB15D367A50009192F /* ofxEasingQuart.cpp */ = {isa = PBXFileReference; fileEncoding = 4; lastKnownFileType = sourcecode.cpp.cpp; path = ofxEasingQuart.cpp; sourceTree = "<group>"; };
		E7D330DC15D367A50009192F /* ofxEasingQuart.h */ = {isa = PBXFileReference; fileEncoding = 4; lastKnownFileType = sourcecode.c.h; path = ofxEasingQuart.h; sourceTree = "<group>"; };
		E7D330DD15D367A50009192F /* ofxEasingQuint.cpp */ = {isa = PBXFileReference; fileEncoding = 4; lastKnownFileType = sourcecode.cpp.cpp; path = ofxEasingQuint.cpp; sourceTree = "<group>"; };
		E7D330DE15D367A50009192F /* ofxEasingQuint.h */ = {isa = PBXFileReference; fileEncoding = 4; lastKnownFileType = sourcecode.c.h; path = ofxEasingQuint.h; sourceTree = "<group>"; };
		E7D330DF15D367A50009192F /* ofxEasingSine.cpp */ = {isa = PBXFileReference; fileEncoding = 4; lastKnownFileType = sourcecode.cpp.cpp; path = ofxEasingSine.cpp; sourceTree = "<group>"; };
		E7D330E015D367A50009192F /* ofxEasingSine.h */ = {isa = PBXFileReference; fileEncoding = 4; lastKnownFileType = sourcecode.c.h; path = ofxEasingSine.h; sourceTree = "<group>"; };
		E7D330E115D367A50009192F /* ofxTween.cpp */ = {isa = PBXFileReference; fileEncoding = 4; lastKnownFileType = sourcecode.cpp.cpp; path = ofxTween.cpp; sourceTree = "<group>"; };
		E7D330E215D367A50009192F /* ofxTween.h */ = {isa = PBXFileReference; fileEncoding = 4; lastKnownFileType = sourcecode.c.h; path = ofxTween.h; sourceTree = "<group>"; };
		E7D3310715D368020009192F /* ofxMSATimer.cpp */ = {isa = PBXFileReference; fileEncoding = 4; lastKnownFileType = sourcecode.cpp.cpp; path = ofxMSATimer.cpp; sourceTree = "<group>"; };
		E7D3310815D368020009192F /* ofxMSATimer.h */ = {isa = PBXFileReference; fileEncoding = 4; lastKnownFileType = sourcecode.c.h; path = ofxMSATimer.h; sourceTree = "<group>"; };
		E7D3310C15D368280009192F /* tinyxml.cpp */ = {isa = PBXFileReference; fileEncoding = 4; lastKnownFileType = sourcecode.cpp.cpp; path = tinyxml.cpp; sourceTree = "<group>"; };
		E7D3310D15D368280009192F /* tinyxml.h */ = {isa = PBXFileReference; fileEncoding = 4; lastKnownFileType = sourcecode.c.h; path = tinyxml.h; sourceTree = "<group>"; };
		E7D3310E15D368280009192F /* tinyxmlerror.cpp */ = {isa = PBXFileReference; fileEncoding = 4; lastKnownFileType = sourcecode.cpp.cpp; path = tinyxmlerror.cpp; sourceTree = "<group>"; };
		E7D3310F15D368280009192F /* tinyxmlparser.cpp */ = {isa = PBXFileReference; fileEncoding = 4; lastKnownFileType = sourcecode.cpp.cpp; path = tinyxmlparser.cpp; sourceTree = "<group>"; };
		E7D3311115D368280009192F /* ofxXmlSettings.cpp */ = {isa = PBXFileReference; fileEncoding = 4; lastKnownFileType = sourcecode.cpp.cpp; path = ofxXmlSettings.cpp; sourceTree = "<group>"; };
		E7D3311215D368280009192F /* ofxXmlSettings.h */ = {isa = PBXFileReference; fileEncoding = 4; lastKnownFileType = sourcecode.c.h; path = ofxXmlSettings.h; sourceTree = "<group>"; };
		E7D3311715D3686C0009192F /* OpenAL.framework */ = {isa = PBXFileReference; lastKnownFileType = wrapper.framework; name = OpenAL.framework; path = System/Library/Frameworks/OpenAL.framework; sourceTree = SDKROOT; };
		E7D3312D15D379230009192F /* kiss_fft.h */ = {isa = PBXFileReference; fileEncoding = 4; lastKnownFileType = sourcecode.c.h; path = kiss_fft.h; sourceTree = "<group>"; };
		E7D3312E15D379230009192F /* kiss_fftr.h */ = {isa = PBXFileReference; fileEncoding = 4; lastKnownFileType = sourcecode.c.h; path = kiss_fftr.h; sourceTree = "<group>"; };
		E7D3313515D379230009192F /* _kiss_fft_guts.h */ = {isa = PBXFileReference; fileEncoding = 4; lastKnownFileType = sourcecode.c.h; path = _kiss_fft_guts.h; sourceTree = "<group>"; };
		E7D3313615D379230009192F /* kiss_fft.c */ = {isa = PBXFileReference; fileEncoding = 4; lastKnownFileType = sourcecode.c.c; path = kiss_fft.c; sourceTree = "<group>"; };
		E7D3313715D379230009192F /* kiss_fftr.c */ = {isa = PBXFileReference; fileEncoding = 4; lastKnownFileType = sourcecode.c.c; path = kiss_fftr.c; sourceTree = "<group>"; };
		E7D3313915D379230009192F /* ofOpenALSoundPlayer_TimelineAdditions.cpp */ = {isa = PBXFileReference; fileEncoding = 4; lastKnownFileType = sourcecode.cpp.cpp; path = ofOpenALSoundPlayer_TimelineAdditions.cpp; sourceTree = "<group>"; };
		E7D3313A15D379230009192F /* ofOpenALSoundPlayer_TimelineAdditions.h */ = {isa = PBXFileReference; fileEncoding = 4; lastKnownFileType = sourcecode.c.h; path = ofOpenALSoundPlayer_TimelineAdditions.h; sourceTree = "<group>"; };
		E7D3313D15D379230009192F /* sndfile.h */ = {isa = PBXFileReference; fileEncoding = 4; lastKnownFileType = sourcecode.c.h; path = sndfile.h; sourceTree = "<group>"; };
		E7D3313E15D379230009192F /* sndfile.hh */ = {isa = PBXFileReference; fileEncoding = 4; lastKnownFileType = sourcecode.cpp.h; path = sndfile.hh; sourceTree = "<group>"; };
		E7D3314615D379230009192F /* libsndfile.a */ = {isa = PBXFileReference; lastKnownFileType = archive.ar; path = libsndfile.a; sourceTree = "<group>"; };
/* End PBXFileReference section */

/* Begin PBXFrameworksBuildPhase section */
		E4B69B590A3A1756003C02F2 /* Frameworks */ = {
			isa = PBXFrameworksBuildPhase;
			buildActionMask = 2147483647;
			files = (
				E748F65A15EB92EB00B4157F /* Accelerate.framework in Frameworks */,
				E729170C15DCED5700061871 /* CoreVideo.framework in Frameworks */,
				E729170A15DCED5200061871 /* QTKit.framework in Frameworks */,
				E4EB6799138ADC1D00A09F29 /* GLUT.framework in Frameworks */,
				E4328149138ABC9F0047C5CB /* openFrameworksDebug.a in Frameworks */,
				E45BE97B0E8CC7DD009D7055 /* AGL.framework in Frameworks */,
				E45BE97C0E8CC7DD009D7055 /* ApplicationServices.framework in Frameworks */,
				E45BE97D0E8CC7DD009D7055 /* AudioToolbox.framework in Frameworks */,
				E45BE97E0E8CC7DD009D7055 /* Carbon.framework in Frameworks */,
				E45BE97F0E8CC7DD009D7055 /* CoreAudio.framework in Frameworks */,
				E45BE9800E8CC7DD009D7055 /* CoreFoundation.framework in Frameworks */,
				E45BE9810E8CC7DD009D7055 /* CoreServices.framework in Frameworks */,
				E45BE9830E8CC7DD009D7055 /* OpenGL.framework in Frameworks */,
				E45BE9840E8CC7DD009D7055 /* QuickTime.framework in Frameworks */,
				E4C2424710CC5A17004149E2 /* AppKit.framework in Frameworks */,
				E4C2424810CC5A17004149E2 /* Cocoa.framework in Frameworks */,
				E4C2424910CC5A17004149E2 /* IOKit.framework in Frameworks */,
				E7D3311815D3686C0009192F /* OpenAL.framework in Frameworks */,
				E7D3315815D379230009192F /* libsndfile.a in Frameworks */,
			);
			runOnlyForDeploymentPostprocessing = 0;
		};
/* End PBXFrameworksBuildPhase section */

/* Begin PBXGroup section */
		BB4B014C10F69532006C3DED /* addons */ = {
			isa = PBXGroup;
			children = (
				E729170515DCED1100061871 /* ofxRange */,
				E7D3310A15D368280009192F /* ofxXmlSettings */,
				E7D3310315D368020009192F /* ofxMSATimer */,
				E7D330B015D367A50009192F /* ofxTween */,
				E7D3309515D3678D0009192F /* ofxTimecode */,
				E7D328DE15D367760009192F /* ofxTimeline */,
				E7D328C315D3676F0009192F /* ofxTextInputField */,
			);
			name = addons;
			sourceTree = "<group>";
		};
		BBAB23C913894ECA00AA2426 /* system frameworks */ = {
			isa = PBXGroup;
			children = (
				E748F65815EB92C900B4157F /* Accelerate.framework */,
				E729170B15DCED5700061871 /* CoreVideo.framework */,
				E729170915DCED5200061871 /* QTKit.framework */,
				E7D3311715D3686C0009192F /* OpenAL.framework */,
				E4C2424410CC5A17004149E2 /* AppKit.framework */,
				E4C2424510CC5A17004149E2 /* Cocoa.framework */,
				E4C2424610CC5A17004149E2 /* IOKit.framework */,
				E45BE9710E8CC7DD009D7055 /* AGL.framework */,
				E45BE9720E8CC7DD009D7055 /* ApplicationServices.framework */,
				E45BE9730E8CC7DD009D7055 /* AudioToolbox.framework */,
				E45BE9740E8CC7DD009D7055 /* Carbon.framework */,
				E45BE9750E8CC7DD009D7055 /* CoreAudio.framework */,
				E45BE9760E8CC7DD009D7055 /* CoreFoundation.framework */,
				E45BE9770E8CC7DD009D7055 /* CoreServices.framework */,
				E45BE9790E8CC7DD009D7055 /* OpenGL.framework */,
				E45BE97A0E8CC7DD009D7055 /* QuickTime.framework */,
			);
			name = "system frameworks";
			sourceTree = "<group>";
		};
		BBAB23CA13894EDB00AA2426 /* 3rd party frameworks */ = {
			isa = PBXGroup;
			children = (
				BBAB23BE13894E4700AA2426 /* GLUT.framework */,
			);
			name = "3rd party frameworks";
			sourceTree = "<group>";
		};
		E4328144138ABC890047C5CB /* Products */ = {
			isa = PBXGroup;
			children = (
				E4328148138ABC890047C5CB /* openFrameworksDebug.a */,
			);
			name = Products;
			sourceTree = "<group>";
		};
		E45BE5980E8CC70C009D7055 /* frameworks */ = {
			isa = PBXGroup;
			children = (
				BBAB23CA13894EDB00AA2426 /* 3rd party frameworks */,
				BBAB23C913894ECA00AA2426 /* system frameworks */,
			);
			name = frameworks;
			sourceTree = "<group>";
		};
		E4B69B4A0A3A1720003C02F2 = {
			isa = PBXGroup;
			children = (
				E4B6FCAD0C3E899E008CF71C /* openFrameworks-Info.plist */,
				E4EB6923138AFD0F00A09F29 /* Project.xcconfig */,
				E4B69E1C0A3A1BDC003C02F2 /* src */,
				E4EEC9E9138DF44700A80321 /* openFrameworks */,
				BB4B014C10F69532006C3DED /* addons */,
				E45BE5980E8CC70C009D7055 /* frameworks */,
				E4B69B5B0A3A1756003C02F2 /* audioWaveformExampleDebug.app */,
			);
			sourceTree = "<group>";
		};
		E4B69E1C0A3A1BDC003C02F2 /* src */ = {
			isa = PBXGroup;
			children = (
				E4B69E1D0A3A1BDC003C02F2 /* main.cpp */,
				E4B69E1F0A3A1BDC003C02F2 /* testApp.h */,
				E4B69E1E0A3A1BDC003C02F2 /* testApp.cpp */,
			);
			path = src;
			sourceTree = SOURCE_ROOT;
		};
		E4EEC9E9138DF44700A80321 /* openFrameworks */ = {
			isa = PBXGroup;
			children = (
				E4EB691F138AFCF100A09F29 /* CoreOF.xcconfig */,
				E4328143138ABC890047C5CB /* openFrameworksLib.xcodeproj */,
			);
			name = openFrameworks;
			sourceTree = "<group>";
		};
		E729170515DCED1100061871 /* ofxRange */ = {
			isa = PBXGroup;
			children = (
				E729170615DCED1100061871 /* .gitignore */,
				E729170715DCED1100061871 /* src */,
			);
			name = ofxRange;
			path = ../../ofxRange;
			sourceTree = "<group>";
		};
		E729170715DCED1100061871 /* src */ = {
			isa = PBXGroup;
			children = (
				E729170815DCED1100061871 /* ofRange.h */,
			);
			path = src;
			sourceTree = "<group>";
		};
		E7D328C315D3676F0009192F /* ofxTextInputField */ = {
			isa = PBXGroup;
			children = (
				E7D328D015D3676F0009192F /* src */,
			);
			name = ofxTextInputField;
			path = ../../../addons/ofxTextInputField;
			sourceTree = "<group>";
		};
		E7D328D015D3676F0009192F /* src */ = {
			isa = PBXGroup;
			children = (
				E7D328D115D3676F0009192F /* ofxTextInputField.cpp */,
				E7D328D215D3676F0009192F /* ofxTextInputField.h */,
			);
			path = src;
			sourceTree = "<group>";
		};
		E7D328DE15D367760009192F /* ofxTimeline */ = {
			isa = PBXGroup;
			children = (
				E7D3312A15D379230009192F /* libs */,
				E7D3301115D367800009192F /* README.md */,
				E7D3301215D367800009192F /* src */,
			);
			name = ofxTimeline;
			path = ../../../addons/ofxTimeline;
			sourceTree = "<group>";
		};
		E7D3301215D367800009192F /* src */ = {
			isa = PBXGroup;
			children = (
				E7D3301315D367800009192F /* ofxTimeline.cpp */,
				E7D3301415D367800009192F /* ofxTimeline.h */,
				E7D3301515D367800009192F /* ofxTLAudioTrack.cpp */,
				E7D3301615D367800009192F /* ofxTLAudioTrack.h */,
				E7D3301715D367800009192F /* ofxTLBangs.cpp */,
				E7D3301815D367800009192F /* ofxTLBangs.h */,
				E7D3301915D367800009192F /* ofxTLColors.cpp */,
				E7D3301A15D367800009192F /* ofxTLColors.h */,
				E7D3301B15D367800009192F /* ofxTLEvents.h */,
				E7D3301C15D367800009192F /* ofxTLFlags.cpp */,
				E7D3301D15D367800009192F /* ofxTLFlags.h */,
				E748F71C15EBA7B500B4157F /* ofxTLCurves.cpp */,
				E748F71D15EBA7B500B4157F /* ofxTLCurves.h */,
				E7D3301E15D367800009192F /* ofxTLImageSequence.cpp */,
				E7D3301F15D367800009192F /* ofxTLImageSequence.h */,
				E7D3302015D367800009192F /* ofxTLImageSequenceFrame.cpp */,
				E7D3302115D367800009192F /* ofxTLImageSequenceFrame.h */,
				E7D3302215D367800009192F /* ofxTLImageTrack.cpp */,
				E7D3302315D367800009192F /* ofxTLImageTrack.h */,
				E7D3302415D367800009192F /* ofxTLInOut.cpp */,
				E7D3302515D367800009192F /* ofxTLInOut.h */,
				E7D3302615D367800009192F /* ofxTLKeyframes.cpp */,
				E7D3302715D367800009192F /* ofxTLKeyframes.h */,
				E7D3302815D367800009192F /* ofxTLPage.cpp */,
				E7D3302915D367800009192F /* ofxTLPage.h */,
				E7D3302A15D367800009192F /* ofxTLPageTabs.cpp */,
				E7D3302B15D367800009192F /* ofxTLPageTabs.h */,
				E7D3302C15D367800009192F /* ofxTLSwitches.cpp */,
				E7D3302D15D367800009192F /* ofxTLSwitches.h */,
				E7D3302E15D367800009192F /* ofxTLTicker.cpp */,
				E7D3302F15D367800009192F /* ofxTLTicker.h */,
				E7D3303015D367800009192F /* ofxTLTimeController.h */,
				E7D3303115D367800009192F /* ofxTLTrack.cpp */,
				E7D3303215D367800009192F /* ofxTLTrack.h */,
				E7D3303315D367800009192F /* ofxTLTrackHeader.cpp */,
				E7D3303415D367800009192F /* ofxTLTrackHeader.h */,
				E7D3303715D367800009192F /* ofxTLUtils.h */,
				E7D3303815D367800009192F /* ofxTLVideoThumb.cpp */,
				E7D3303915D367800009192F /* ofxTLVideoThumb.h */,
				E7D3303A15D367800009192F /* ofxTLVideoTrack.cpp */,
				E7D3303B15D367800009192F /* ofxTLVideoTrack.h */,
				E7D3303C15D367800009192F /* ofxTLZoomer.cpp */,
				E7D3303D15D367800009192F /* ofxTLZoomer.h */,
			);
			path = src;
			sourceTree = "<group>";
		};
		E7D3309515D3678D0009192F /* ofxTimecode */ = {
			isa = PBXGroup;
			children = (
				E7D330A215D3678D0009192F /* src */,
			);
			name = ofxTimecode;
			path = ../../../addons/ofxTimecode;
			sourceTree = "<group>";
		};
		E7D330A215D3678D0009192F /* src */ = {
			isa = PBXGroup;
			children = (
				E7D330A315D3678D0009192F /* ofxTimecode.cpp */,
				E7D330A415D3678D0009192F /* ofxTimecode.h */,
			);
			path = src;
			sourceTree = "<group>";
		};
		E7D330B015D367A50009192F /* ofxTween */ = {
			isa = PBXGroup;
			children = (
				E7D330C615D367A50009192F /* src */,
			);
			name = ofxTween;
			path = ../../../addons/ofxTween;
			sourceTree = "<group>";
		};
		E7D330C615D367A50009192F /* src */ = {
			isa = PBXGroup;
			children = (
				E7D330C715D367A50009192F /* Easings */,
				E7D330E115D367A50009192F /* ofxTween.cpp */,
				E7D330E215D367A50009192F /* ofxTween.h */,
			);
			path = src;
			sourceTree = "<group>";
		};
		E7D330C715D367A50009192F /* Easings */ = {
			isa = PBXGroup;
			children = (
				E7D330C815D367A50009192F /* easing_terms_of_use.html */,
				E7D330C915D367A50009192F /* ofxEasing.cpp */,
				E7D330CA15D367A50009192F /* ofxEasing.h */,
				E7D330CB15D367A50009192F /* ofxEasingBack.cpp */,
				E7D330CC15D367A50009192F /* ofxEasingBack.h */,
				E7D330CD15D367A50009192F /* ofxEasingBounce.cpp */,
				E7D330CE15D367A50009192F /* ofxEasingBounce.h */,
				E7D330CF15D367A50009192F /* ofxEasingCirc.cpp */,
				E7D330D015D367A50009192F /* ofxEasingCirc.h */,
				E7D330D115D367A50009192F /* ofxEasingCubic.cpp */,
				E7D330D215D367A50009192F /* ofxEasingCubic.h */,
				E7D330D315D367A50009192F /* ofxEasingElastic.cpp */,
				E7D330D415D367A50009192F /* ofxEasingElastic.h */,
				E7D330D515D367A50009192F /* ofxEasingExpo.cpp */,
				E7D330D615D367A50009192F /* ofxEasingExpo.h */,
				E7D330D715D367A50009192F /* ofxEasingLinear.cpp */,
				E7D330D815D367A50009192F /* ofxEasingLinear.h */,
				E7D330D915D367A50009192F /* ofxEasingQuad.cpp */,
				E7D330DA15D367A50009192F /* ofxEasingQuad.h */,
				E7D330DB15D367A50009192F /* ofxEasingQuart.cpp */,
				E7D330DC15D367A50009192F /* ofxEasingQuart.h */,
				E7D330DD15D367A50009192F /* ofxEasingQuint.cpp */,
				E7D330DE15D367A50009192F /* ofxEasingQuint.h */,
				E7D330DF15D367A50009192F /* ofxEasingSine.cpp */,
				E7D330E015D367A50009192F /* ofxEasingSine.h */,
			);
			path = Easings;
			sourceTree = "<group>";
		};
		E7D3310315D368020009192F /* ofxMSATimer */ = {
			isa = PBXGroup;
			children = (
				E7D3310615D368020009192F /* src */,
			);
			name = ofxMSATimer;
			path = ../../../addons/ofxMSATimer;
			sourceTree = "<group>";
		};
		E7D3310615D368020009192F /* src */ = {
			isa = PBXGroup;
			children = (
				E7D3310715D368020009192F /* ofxMSATimer.cpp */,
				E7D3310815D368020009192F /* ofxMSATimer.h */,
			);
			path = src;
			sourceTree = "<group>";
		};
		E7D3310A15D368280009192F /* ofxXmlSettings */ = {
			isa = PBXGroup;
			children = (
				E7D3310B15D368280009192F /* libs */,
				E7D3311015D368280009192F /* src */,
			);
			name = ofxXmlSettings;
			path = ../../../addons/ofxXmlSettings;
			sourceTree = "<group>";
		};
		E7D3310B15D368280009192F /* libs */ = {
			isa = PBXGroup;
			children = (
				E7D3310C15D368280009192F /* tinyxml.cpp */,
				E7D3310D15D368280009192F /* tinyxml.h */,
				E7D3310E15D368280009192F /* tinyxmlerror.cpp */,
				E7D3310F15D368280009192F /* tinyxmlparser.cpp */,
			);
			path = libs;
			sourceTree = "<group>";
		};
		E7D3311015D368280009192F /* src */ = {
			isa = PBXGroup;
			children = (
				E7D3311115D368280009192F /* ofxXmlSettings.cpp */,
				E7D3311215D368280009192F /* ofxXmlSettings.h */,
			);
			path = src;
			sourceTree = "<group>";
		};
		E7D3312A15D379230009192F /* libs */ = {
			isa = PBXGroup;
			children = (
				E7D3312B15D379230009192F /* kiss */,
				E7D3313815D379230009192F /* ofOpenALSoundPlayer_TimelineAdditions */,
				E7D3313B15D379230009192F /* sndfile */,
			);
			path = libs;
			sourceTree = "<group>";
		};
		E7D3312B15D379230009192F /* kiss */ = {
			isa = PBXGroup;
			children = (
				E7D3312C15D379230009192F /* include */,
				E7D3313415D379230009192F /* src */,
			);
			path = kiss;
			sourceTree = "<group>";
		};
		E7D3312C15D379230009192F /* include */ = {
			isa = PBXGroup;
			children = (
				E7D3312D15D379230009192F /* kiss_fft.h */,
				E7D3312E15D379230009192F /* kiss_fftr.h */,
			);
			path = include;
			sourceTree = "<group>";
		};
		E7D3313415D379230009192F /* src */ = {
			isa = PBXGroup;
			children = (
				E7D3313515D379230009192F /* _kiss_fft_guts.h */,
				E7D3313615D379230009192F /* kiss_fft.c */,
				E7D3313715D379230009192F /* kiss_fftr.c */,
			);
			path = src;
			sourceTree = "<group>";
		};
		E7D3313815D379230009192F /* ofOpenALSoundPlayer_TimelineAdditions */ = {
			isa = PBXGroup;
			children = (
				E7D3313915D379230009192F /* ofOpenALSoundPlayer_TimelineAdditions.cpp */,
				E7D3313A15D379230009192F /* ofOpenALSoundPlayer_TimelineAdditions.h */,
			);
			path = ofOpenALSoundPlayer_TimelineAdditions;
			sourceTree = "<group>";
		};
		E7D3313B15D379230009192F /* sndfile */ = {
			isa = PBXGroup;
			children = (
				E7D3313C15D379230009192F /* include */,
				E7D3313F15D379230009192F /* lib */,
			);
			path = sndfile;
			sourceTree = "<group>";
		};
		E7D3313C15D379230009192F /* include */ = {
			isa = PBXGroup;
			children = (
				E7D3313D15D379230009192F /* sndfile.h */,
				E7D3313E15D379230009192F /* sndfile.hh */,
			);
			path = include;
			sourceTree = "<group>";
		};
		E7D3313F15D379230009192F /* lib */ = {
			isa = PBXGroup;
			children = (
				E7D3314515D379230009192F /* osx */,
			);
			path = lib;
			sourceTree = "<group>";
		};
		E7D3314515D379230009192F /* osx */ = {
			isa = PBXGroup;
			children = (
				E7D3314615D379230009192F /* libsndfile.a */,
			);
			path = osx;
			sourceTree = "<group>";
		};
/* End PBXGroup section */

/* Begin PBXNativeTarget section */
		E4B69B5A0A3A1756003C02F2 /* audioWaveformExample */ = {
			isa = PBXNativeTarget;
			buildConfigurationList = E4B69B5F0A3A1757003C02F2 /* Build configuration list for PBXNativeTarget "audioWaveformExample" */;
			buildPhases = (
				E4B69B580A3A1756003C02F2 /* Sources */,
				E4B69B590A3A1756003C02F2 /* Frameworks */,
				E4B6FFFD0C3F9AB9008CF71C /* ShellScript */,
				E4C2427710CC5ABF004149E2 /* CopyFiles */,
			);
			buildRules = (
			);
			dependencies = (
				E4EEB9AC138B136A00A80321 /* PBXTargetDependency */,
			);
			name = audioWaveformExample;
			productName = myOFApp;
			productReference = E4B69B5B0A3A1756003C02F2 /* audioWaveformExampleDebug.app */;
			productType = "com.apple.product-type.application";
		};
/* End PBXNativeTarget section */

/* Begin PBXProject section */
		E4B69B4C0A3A1720003C02F2 /* Project object */ = {
			isa = PBXProject;
			buildConfigurationList = E4B69B4D0A3A1720003C02F2 /* Build configuration list for PBXProject "audioWaveformExample" */;
			compatibilityVersion = "Xcode 2.4";
			developmentRegion = English;
			hasScannedForEncodings = 0;
			knownRegions = (
				English,
				Japanese,
				French,
				German,
			);
			mainGroup = E4B69B4A0A3A1720003C02F2;
			productRefGroup = E4B69B4A0A3A1720003C02F2;
			projectDirPath = "";
			projectReferences = (
				{
					ProductGroup = E4328144138ABC890047C5CB /* Products */;
					ProjectRef = E4328143138ABC890047C5CB /* openFrameworksLib.xcodeproj */;
				},
			);
			projectRoot = "";
			targets = (
				E4B69B5A0A3A1756003C02F2 /* audioWaveformExample */,
			);
		};
/* End PBXProject section */

/* Begin PBXReferenceProxy section */
		E4328148138ABC890047C5CB /* openFrameworksDebug.a */ = {
			isa = PBXReferenceProxy;
			fileType = archive.ar;
			path = openFrameworksDebug.a;
			remoteRef = E4328147138ABC890047C5CB /* PBXContainerItemProxy */;
			sourceTree = BUILT_PRODUCTS_DIR;
		};
/* End PBXReferenceProxy section */

/* Begin PBXShellScriptBuildPhase section */
		E4B6FFFD0C3F9AB9008CF71C /* ShellScript */ = {
			isa = PBXShellScriptBuildPhase;
			buildActionMask = 2147483647;
			files = (
			);
			inputPaths = (
			);
			outputPaths = (
			);
			runOnlyForDeploymentPostprocessing = 0;
			shellPath = /bin/sh;
			shellScript = "cp -f ../../../libs/fmodex/lib/osx/libfmodex.dylib \"$TARGET_BUILD_DIR/$PRODUCT_NAME.app/Contents/MacOS/libfmodex.dylib\"; install_name_tool -change ./libfmodex.dylib @executable_path/libfmodex.dylib \"$TARGET_BUILD_DIR/$PRODUCT_NAME.app/Contents/MacOS/$PRODUCT_NAME\";";
		};
/* End PBXShellScriptBuildPhase section */

/* Begin PBXSourcesBuildPhase section */
		E4B69B580A3A1756003C02F2 /* Sources */ = {
			isa = PBXSourcesBuildPhase;
			buildActionMask = 2147483647;
			files = (
				E4B69E200A3A1BDC003C02F2 /* main.cpp in Sources */,
				E4B69E210A3A1BDC003C02F2 /* testApp.cpp in Sources */,
				E7D328DA15D3676F0009192F /* ofxTextInputField.cpp in Sources */,
				E7D3307215D367820009192F /* ofxTimeline.cpp in Sources */,
				E7D3307315D367820009192F /* ofxTLAudioTrack.cpp in Sources */,
				E7D3307415D367820009192F /* ofxTLBangs.cpp in Sources */,
				E7D3307515D367820009192F /* ofxTLColors.cpp in Sources */,
				E7D3307615D367820009192F /* ofxTLFlags.cpp in Sources */,
				E7D3307715D367820009192F /* ofxTLImageSequence.cpp in Sources */,
				E7D3307815D367820009192F /* ofxTLImageSequenceFrame.cpp in Sources */,
				E7D3307915D367820009192F /* ofxTLImageTrack.cpp in Sources */,
				E7D3307A15D367820009192F /* ofxTLInOut.cpp in Sources */,
				E7D3307B15D367820009192F /* ofxTLKeyframes.cpp in Sources */,
				E7D3307C15D367820009192F /* ofxTLPage.cpp in Sources */,
				E7D3307D15D367820009192F /* ofxTLPageTabs.cpp in Sources */,
				E7D3307E15D367820009192F /* ofxTLSwitches.cpp in Sources */,
				E7D3307F15D367820009192F /* ofxTLTicker.cpp in Sources */,
				E7D3308015D367820009192F /* ofxTLTrack.cpp in Sources */,
				E7D3308115D367820009192F /* ofxTLTrackHeader.cpp in Sources */,
				E7D3308315D367820009192F /* ofxTLVideoThumb.cpp in Sources */,
				E7D3308415D367820009192F /* ofxTLVideoTrack.cpp in Sources */,
				E7D3308515D367820009192F /* ofxTLZoomer.cpp in Sources */,
				E7D330AC15D3678D0009192F /* ofxTimecode.cpp in Sources */,
				E7D330F015D367A60009192F /* ofxEasing.cpp in Sources */,
				E7D330F115D367A60009192F /* ofxEasingBack.cpp in Sources */,
				E7D330F215D367A60009192F /* ofxEasingBounce.cpp in Sources */,
				E7D330F315D367A60009192F /* ofxEasingCirc.cpp in Sources */,
				E7D330F415D367A60009192F /* ofxEasingCubic.cpp in Sources */,
				E7D330F515D367A60009192F /* ofxEasingElastic.cpp in Sources */,
				E7D330F615D367A60009192F /* ofxEasingExpo.cpp in Sources */,
				E7D330F715D367A60009192F /* ofxEasingLinear.cpp in Sources */,
				E7D330F815D367A60009192F /* ofxEasingQuad.cpp in Sources */,
				E7D330F915D367A60009192F /* ofxEasingQuart.cpp in Sources */,
				E7D330FA15D367A60009192F /* ofxEasingQuint.cpp in Sources */,
				E7D330FB15D367A60009192F /* ofxEasingSine.cpp in Sources */,
				E7D330FC15D367A60009192F /* ofxTween.cpp in Sources */,
				E7D3310915D368020009192F /* ofxMSATimer.cpp in Sources */,
				E7D3311315D368280009192F /* tinyxml.cpp in Sources */,
				E7D3311415D368280009192F /* tinyxmlerror.cpp in Sources */,
				E7D3311515D368280009192F /* tinyxmlparser.cpp in Sources */,
				E7D3311615D368280009192F /* ofxXmlSettings.cpp in Sources */,
				E7D3315215D379230009192F /* kiss_fft.c in Sources */,
				E7D3315315D379230009192F /* kiss_fftr.c in Sources */,
				E7D3315415D379230009192F /* ofOpenALSoundPlayer_TimelineAdditions.cpp in Sources */,
				E748F71E15EBA7B500B4157F /* ofxTLCurves.cpp in Sources */,
			);
			runOnlyForDeploymentPostprocessing = 0;
		};
/* End PBXSourcesBuildPhase section */

/* Begin PBXTargetDependency section */
		E4EEB9AC138B136A00A80321 /* PBXTargetDependency */ = {
			isa = PBXTargetDependency;
			name = openFrameworks;
			targetProxy = E4EEB9AB138B136A00A80321 /* PBXContainerItemProxy */;
		};
/* End PBXTargetDependency section */

/* Begin XCBuildConfiguration section */
		E4B69B4E0A3A1720003C02F2 /* Debug */ = {
			isa = XCBuildConfiguration;
			baseConfigurationReference = E4EB6923138AFD0F00A09F29 /* Project.xcconfig */;
			buildSettings = {
				ARCHS = "$(ARCHS_STANDARD_32_BIT_PRE_XCODE_3_1)";
				ARCHS_STANDARD_32_BIT_PRE_XCODE_3_1 = "ppc i386";
				CONFIGURATION_BUILD_DIR = "$(SRCROOT)/bin/";
				COPY_PHASE_STRIP = NO;
				DEAD_CODE_STRIPPING = YES;
				GCC_AUTO_VECTORIZATION = YES;
				GCC_ENABLE_SSE3_EXTENSIONS = YES;
				GCC_ENABLE_SUPPLEMENTAL_SSE3_INSTRUCTIONS = YES;
				GCC_INLINES_ARE_PRIVATE_EXTERN = NO;
				GCC_OPTIMIZATION_LEVEL = 0;
				GCC_SYMBOLS_PRIVATE_EXTERN = NO;
				GCC_WARN_ABOUT_DEPRECATED_FUNCTIONS = YES;
				GCC_WARN_ABOUT_INVALID_OFFSETOF_MACRO = NO;
				GCC_WARN_ALLOW_INCOMPLETE_PROTOCOL = NO;
				GCC_WARN_UNINITIALIZED_AUTOS = NO;
				GCC_WARN_UNUSED_VALUE = NO;
				GCC_WARN_UNUSED_VARIABLE = NO;
				HEADER_SEARCH_PATHS = "$(OF_CORE_HEADERS)";
				OTHER_CPLUSPLUSFLAGS = (
					"-D__MACOSX_CORE__",
					"-lpthread",
					"-mtune=native",
				);
				SDKROOT = macosx10.7;
			};
			name = Debug;
		};
		E4B69B4F0A3A1720003C02F2 /* Release */ = {
			isa = XCBuildConfiguration;
			baseConfigurationReference = E4EB6923138AFD0F00A09F29 /* Project.xcconfig */;
			buildSettings = {
				ARCHS = "$(ARCHS_STANDARD_32_BIT_PRE_XCODE_3_1)";
				ARCHS_STANDARD_32_BIT_PRE_XCODE_3_1 = "ppc i386";
				CONFIGURATION_BUILD_DIR = "$(SRCROOT)/bin/";
				COPY_PHASE_STRIP = YES;
				DEAD_CODE_STRIPPING = YES;
				GCC_AUTO_VECTORIZATION = YES;
				GCC_ENABLE_SSE3_EXTENSIONS = YES;
				GCC_ENABLE_SUPPLEMENTAL_SSE3_INSTRUCTIONS = YES;
				GCC_INLINES_ARE_PRIVATE_EXTERN = NO;
				GCC_OPTIMIZATION_LEVEL = 3;
				GCC_SYMBOLS_PRIVATE_EXTERN = NO;
				GCC_UNROLL_LOOPS = YES;
				GCC_WARN_ABOUT_DEPRECATED_FUNCTIONS = YES;
				GCC_WARN_ABOUT_INVALID_OFFSETOF_MACRO = NO;
				GCC_WARN_ALLOW_INCOMPLETE_PROTOCOL = NO;
				GCC_WARN_UNINITIALIZED_AUTOS = NO;
				GCC_WARN_UNUSED_VALUE = NO;
				GCC_WARN_UNUSED_VARIABLE = NO;
				HEADER_SEARCH_PATHS = "$(OF_CORE_HEADERS)";
				OTHER_CPLUSPLUSFLAGS = (
					"-D__MACOSX_CORE__",
					"-lpthread",
					"-mtune=native",
				);
				SDKROOT = macosx10.7;
			};
			name = Release;
		};
		E4B69B600A3A1757003C02F2 /* Debug */ = {
			isa = XCBuildConfiguration;
			buildSettings = {
				COPY_PHASE_STRIP = NO;
				FRAMEWORK_SEARCH_PATHS = (
					"$(inherited)",
					"$(FRAMEWORK_SEARCH_PATHS_QUOTED_FOR_TARGET_1)",
				);
				FRAMEWORK_SEARCH_PATHS_QUOTED_FOR_TARGET_1 = "\"$(SRCROOT)/../../../libs/glut/lib/osx\"";
				GCC_DYNAMIC_NO_PIC = NO;
				GCC_ENABLE_FIX_AND_CONTINUE = YES;
				GCC_GENERATE_DEBUGGING_SYMBOLS = YES;
				GCC_MODEL_TUNING = NONE;
				GCC_PRECOMPILE_PREFIX_HEADER = YES;
				GCC_PREFIX_HEADER = "$(SYSTEM_LIBRARY_DIR)/Frameworks/Carbon.framework/Headers/Carbon.h";
				INFOPLIST_FILE = "openFrameworks-Info.plist";
				INSTALL_PATH = "$(HOME)/Applications";
				LIBRARY_SEARCH_PATHS = (
					"$(inherited)",
					"$(LIBRARY_SEARCH_PATHS_QUOTED_FOR_TARGET_1)",
					"$(LIBRARY_SEARCH_PATHS_QUOTED_FOR_TARGET_2)",
					"$(LIBRARY_SEARCH_PATHS_QUOTED_FOR_TARGET_3)",
					"$(LIBRARY_SEARCH_PATHS_QUOTED_FOR_TARGET_4)",
					"$(LIBRARY_SEARCH_PATHS_QUOTED_FOR_TARGET_5)",
					"$(LIBRARY_SEARCH_PATHS_QUOTED_FOR_TARGET_6)",
					"$(LIBRARY_SEARCH_PATHS_QUOTED_FOR_TARGET_7)",
					"$(LIBRARY_SEARCH_PATHS_QUOTED_FOR_TARGET_8)",
					"$(LIBRARY_SEARCH_PATHS_QUOTED_FOR_TARGET_9)",
					"$(LIBRARY_SEARCH_PATHS_QUOTED_FOR_TARGET_10)",
					"$(LIBRARY_SEARCH_PATHS_QUOTED_FOR_TARGET_11)",
					"$(LIBRARY_SEARCH_PATHS_QUOTED_FOR_TARGET_12)",
					"$(LIBRARY_SEARCH_PATHS_QUOTED_FOR_TARGET_13)",
					"$(LIBRARY_SEARCH_PATHS_QUOTED_FOR_TARGET_14)",
					"$(LIBRARY_SEARCH_PATHS_QUOTED_FOR_TARGET_15)",
					"$(LIBRARY_SEARCH_PATHS_QUOTED_FOR_TARGET_2)",
					"$(LIBRARY_SEARCH_PATHS_QUOTED_FOR_TARGET_3)",
					"$(LIBRARY_SEARCH_PATHS_QUOTED_FOR_TARGET_7)",
					"$(LIBRARY_SEARCH_PATHS_QUOTED_FOR_TARGET_8)",
					"$(LIBRARY_SEARCH_PATHS_QUOTED_FOR_TARGET_9)",
					"$(LIBRARY_SEARCH_PATHS_QUOTED_FOR_TARGET_10)",
					"$(LIBRARY_SEARCH_PATHS_QUOTED_FOR_TARGET_11)",
					"$(LIBRARY_SEARCH_PATHS_QUOTED_FOR_TARGET_12)",
					"$(LIBRARY_SEARCH_PATHS_QUOTED_FOR_TARGET_13)",
					"$(LIBRARY_SEARCH_PATHS_QUOTED_FOR_TARGET_16)",
					"$(LIBRARY_SEARCH_PATHS_QUOTED_FOR_TARGET_17)",
					"$(LIBRARY_SEARCH_PATHS_QUOTED_FOR_TARGET_18)",
					"$(LIBRARY_SEARCH_PATHS_QUOTED_FOR_TARGET_19)",
					"$(LIBRARY_SEARCH_PATHS_QUOTED_FOR_TARGET_20)",
					"$(LIBRARY_SEARCH_PATHS_QUOTED_FOR_TARGET_21)",
					"$(LIBRARY_SEARCH_PATHS_QUOTED_FOR_TARGET_22)",
					"$(LIBRARY_SEARCH_PATHS_QUOTED_FOR_TARGET_23)",
					"$(LIBRARY_SEARCH_PATHS_QUOTED_FOR_TARGET_24)",
					"$(LIBRARY_SEARCH_PATHS_QUOTED_FOR_TARGET_25)",
					"$(LIBRARY_SEARCH_PATHS_QUOTED_FOR_TARGET_26)",
					"$(LIBRARY_SEARCH_PATHS_QUOTED_FOR_TARGET_27)",
					"$(LIBRARY_SEARCH_PATHS_QUOTED_FOR_TARGET_28)",
					"$(LIBRARY_SEARCH_PATHS_QUOTED_FOR_TARGET_29)",
					"$(LIBRARY_SEARCH_PATHS_QUOTED_FOR_TARGET_30)",
					"$(LIBRARY_SEARCH_PATHS_QUOTED_FOR_TARGET_31)",
					"$(LIBRARY_SEARCH_PATHS_QUOTED_FOR_TARGET_32)",
					"$(LIBRARY_SEARCH_PATHS_QUOTED_FOR_TARGET_33)",
					"$(LIBRARY_SEARCH_PATHS_QUOTED_FOR_TARGET_34)",
					"$(LIBRARY_SEARCH_PATHS_QUOTED_FOR_TARGET_35)",
					"$(LIBRARY_SEARCH_PATHS_QUOTED_FOR_TARGET_36)",
					"$(LIBRARY_SEARCH_PATHS_QUOTED_FOR_TARGET_37)",
					"$(LIBRARY_SEARCH_PATHS_QUOTED_FOR_TARGET_38)",
					"$(LIBRARY_SEARCH_PATHS_QUOTED_FOR_TARGET_39)",
					"$(LIBRARY_SEARCH_PATHS_QUOTED_FOR_TARGET_40)",
					"$(LIBRARY_SEARCH_PATHS_QUOTED_FOR_TARGET_41)",
					"$(LIBRARY_SEARCH_PATHS_QUOTED_FOR_TARGET_42)",
					"$(LIBRARY_SEARCH_PATHS_QUOTED_FOR_TARGET_43)",
					"$(LIBRARY_SEARCH_PATHS_QUOTED_FOR_TARGET_44)",
					"$(LIBRARY_SEARCH_PATHS_QUOTED_FOR_TARGET_45)",
					"$(LIBRARY_SEARCH_PATHS_QUOTED_FOR_TARGET_46)",
					"$(LIBRARY_SEARCH_PATHS_QUOTED_FOR_TARGET_47)",
					"$(LIBRARY_SEARCH_PATHS_QUOTED_FOR_TARGET_48)",
					"$(LIBRARY_SEARCH_PATHS_QUOTED_FOR_TARGET_49)",
					"$(LIBRARY_SEARCH_PATHS_QUOTED_FOR_TARGET_50)",
					"$(LIBRARY_SEARCH_PATHS_QUOTED_FOR_TARGET_51)",
					"$(LIBRARY_SEARCH_PATHS_QUOTED_FOR_TARGET_52)",
					"$(LIBRARY_SEARCH_PATHS_QUOTED_FOR_TARGET_1)",
					"$(LIBRARY_SEARCH_PATHS_QUOTED_FOR_TARGET_2)",
					"$(LIBRARY_SEARCH_PATHS_QUOTED_FOR_TARGET_3)",
					"$(LIBRARY_SEARCH_PATHS_QUOTED_FOR_TARGET_4)",
					"$(LIBRARY_SEARCH_PATHS_QUOTED_FOR_TARGET_5)",
					"$(LIBRARY_SEARCH_PATHS_QUOTED_FOR_TARGET_6)",
					"$(LIBRARY_SEARCH_PATHS_QUOTED_FOR_TARGET_7)",
					"$(LIBRARY_SEARCH_PATHS_QUOTED_FOR_TARGET_8)",
					"$(LIBRARY_SEARCH_PATHS_QUOTED_FOR_TARGET_9)",
				);
				LIBRARY_SEARCH_PATHS_QUOTED_FOR_TARGET_1 = "\"$(SRCROOT)/../../../addons/ofxTimeline/libs/sndfile/lib/osx\"";
				LIBRARY_SEARCH_PATHS_QUOTED_FOR_TARGET_2 = "\"$(SRCROOT)/../libs/kiss/lib/linux\"";
				LIBRARY_SEARCH_PATHS_QUOTED_FOR_TARGET_3 = "\"$(SRCROOT)/../libs/kiss/lib/linux64\"";
				LIBRARY_SEARCH_PATHS_QUOTED_FOR_TARGET_4 = "\"$(SRCROOT)/../libs/sndfile/lib/linux\"";
				LIBRARY_SEARCH_PATHS_QUOTED_FOR_TARGET_5 = "\"$(SRCROOT)/../libs/sndfile/lib/linux64\"";
				LIBRARY_SEARCH_PATHS_QUOTED_FOR_TARGET_6 = "\"$(SRCROOT)/../libs/sndfile/lib/osx\"";
				LIBRARY_SEARCH_PATHS_QUOTED_FOR_TARGET_7 = "\"$(SRCROOT)/../libs/sndfile/lib/win32\"";
				LIBRARY_SEARCH_PATHS_QUOTED_FOR_TARGET_8 = "\"$(SRCROOT)/../libs/vorbis/lib/linux\"";
				LIBRARY_SEARCH_PATHS_QUOTED_FOR_TARGET_9 = "\"$(SRCROOT)/../libs/vorbis/lib/linux64\"";
				PREBINDING = NO;
				PRODUCT_NAME = audioWaveformExampleDebug;
				WRAPPER_EXTENSION = app;
			};
			name = Debug;
		};
		E4B69B610A3A1757003C02F2 /* Release */ = {
			isa = XCBuildConfiguration;
			buildSettings = {
				COPY_PHASE_STRIP = YES;
				FRAMEWORK_SEARCH_PATHS = (
					"$(inherited)",
					"$(FRAMEWORK_SEARCH_PATHS_QUOTED_FOR_TARGET_1)",
				);
				FRAMEWORK_SEARCH_PATHS_QUOTED_FOR_TARGET_1 = "\"$(SRCROOT)/../../../libs/glut/lib/osx\"";
				GCC_ENABLE_FIX_AND_CONTINUE = NO;
				GCC_GENERATE_DEBUGGING_SYMBOLS = YES;
				GCC_MODEL_TUNING = NONE;
				GCC_PRECOMPILE_PREFIX_HEADER = YES;
				GCC_PREFIX_HEADER = "$(SYSTEM_LIBRARY_DIR)/Frameworks/Carbon.framework/Headers/Carbon.h";
				INFOPLIST_FILE = "openFrameworks-Info.plist";
				INSTALL_PATH = "$(HOME)/Applications";
				LIBRARY_SEARCH_PATHS = (
					"$(inherited)",
					"$(LIBRARY_SEARCH_PATHS_QUOTED_FOR_TARGET_1)",
					"$(LIBRARY_SEARCH_PATHS_QUOTED_FOR_TARGET_2)",
					"$(LIBRARY_SEARCH_PATHS_QUOTED_FOR_TARGET_3)",
					"$(LIBRARY_SEARCH_PATHS_QUOTED_FOR_TARGET_4)",
					"$(LIBRARY_SEARCH_PATHS_QUOTED_FOR_TARGET_5)",
					"$(LIBRARY_SEARCH_PATHS_QUOTED_FOR_TARGET_6)",
					"$(LIBRARY_SEARCH_PATHS_QUOTED_FOR_TARGET_7)",
					"$(LIBRARY_SEARCH_PATHS_QUOTED_FOR_TARGET_8)",
					"$(LIBRARY_SEARCH_PATHS_QUOTED_FOR_TARGET_9)",
					"$(LIBRARY_SEARCH_PATHS_QUOTED_FOR_TARGET_10)",
					"$(LIBRARY_SEARCH_PATHS_QUOTED_FOR_TARGET_11)",
					"$(LIBRARY_SEARCH_PATHS_QUOTED_FOR_TARGET_12)",
					"$(LIBRARY_SEARCH_PATHS_QUOTED_FOR_TARGET_13)",
					"$(LIBRARY_SEARCH_PATHS_QUOTED_FOR_TARGET_14)",
					"$(LIBRARY_SEARCH_PATHS_QUOTED_FOR_TARGET_15)",
					"$(LIBRARY_SEARCH_PATHS_QUOTED_FOR_TARGET_2)",
					"$(LIBRARY_SEARCH_PATHS_QUOTED_1)",
					"$(LIBRARY_SEARCH_PATHS_QUOTED_FOR_TARGET_3)",
					"$(LIBRARY_SEARCH_PATHS_QUOTED_FOR_TARGET_7)",
					"$(LIBRARY_SEARCH_PATHS_QUOTED_FOR_TARGET_8)",
					"$(LIBRARY_SEARCH_PATHS_QUOTED_FOR_TARGET_9)",
					"$(LIBRARY_SEARCH_PATHS_QUOTED_FOR_TARGET_10)",
					"$(LIBRARY_SEARCH_PATHS_QUOTED_FOR_TARGET_11)",
					"$(LIBRARY_SEARCH_PATHS_QUOTED_FOR_TARGET_12)",
					"$(LIBRARY_SEARCH_PATHS_QUOTED_FOR_TARGET_13)",
					"$(LIBRARY_SEARCH_PATHS_QUOTED_FOR_TARGET_16)",
					"$(LIBRARY_SEARCH_PATHS_QUOTED_FOR_TARGET_17)",
					"$(LIBRARY_SEARCH_PATHS_QUOTED_FOR_TARGET_18)",
					"$(LIBRARY_SEARCH_PATHS_QUOTED_FOR_TARGET_19)",
					"$(LIBRARY_SEARCH_PATHS_QUOTED_FOR_TARGET_20)",
					"$(LIBRARY_SEARCH_PATHS_QUOTED_FOR_TARGET_21)",
					"$(LIBRARY_SEARCH_PATHS_QUOTED_FOR_TARGET_22)",
					"$(LIBRARY_SEARCH_PATHS_QUOTED_FOR_TARGET_23)",
					"$(LIBRARY_SEARCH_PATHS_QUOTED_FOR_TARGET_24)",
					"$(LIBRARY_SEARCH_PATHS_QUOTED_FOR_TARGET_25)",
					"$(LIBRARY_SEARCH_PATHS_QUOTED_FOR_TARGET_26)",
					"$(LIBRARY_SEARCH_PATHS_QUOTED_FOR_TARGET_27)",
					"$(LIBRARY_SEARCH_PATHS_QUOTED_FOR_TARGET_28)",
					"$(LIBRARY_SEARCH_PATHS_QUOTED_FOR_TARGET_29)",
					"$(LIBRARY_SEARCH_PATHS_QUOTED_FOR_TARGET_30)",
					"$(LIBRARY_SEARCH_PATHS_QUOTED_FOR_TARGET_31)",
					"$(LIBRARY_SEARCH_PATHS_QUOTED_FOR_TARGET_32)",
					"$(LIBRARY_SEARCH_PATHS_QUOTED_FOR_TARGET_33)",
					"$(LIBRARY_SEARCH_PATHS_QUOTED_FOR_TARGET_34)",
					"$(LIBRARY_SEARCH_PATHS_QUOTED_FOR_TARGET_35)",
					"$(LIBRARY_SEARCH_PATHS_QUOTED_FOR_TARGET_36)",
					"$(LIBRARY_SEARCH_PATHS_QUOTED_FOR_TARGET_37)",
					"$(LIBRARY_SEARCH_PATHS_QUOTED_FOR_TARGET_38)",
					"$(LIBRARY_SEARCH_PATHS_QUOTED_FOR_TARGET_39)",
					"$(LIBRARY_SEARCH_PATHS_QUOTED_FOR_TARGET_40)",
					"$(LIBRARY_SEARCH_PATHS_QUOTED_FOR_TARGET_41)",
					"$(LIBRARY_SEARCH_PATHS_QUOTED_FOR_TARGET_42)",
					"$(LIBRARY_SEARCH_PATHS_QUOTED_FOR_TARGET_43)",
					"$(LIBRARY_SEARCH_PATHS_QUOTED_FOR_TARGET_44)",
					"$(LIBRARY_SEARCH_PATHS_QUOTED_FOR_TARGET_45)",
					"$(LIBRARY_SEARCH_PATHS_QUOTED_FOR_TARGET_46)",
					"$(LIBRARY_SEARCH_PATHS_QUOTED_FOR_TARGET_47)",
					"$(LIBRARY_SEARCH_PATHS_QUOTED_FOR_TARGET_48)",
					"$(LIBRARY_SEARCH_PATHS_QUOTED_FOR_TARGET_49)",
					"$(LIBRARY_SEARCH_PATHS_QUOTED_FOR_TARGET_50)",
					"$(LIBRARY_SEARCH_PATHS_QUOTED_FOR_TARGET_51)",
					"$(LIBRARY_SEARCH_PATHS_QUOTED_FOR_TARGET_1)",
					"$(LIBRARY_SEARCH_PATHS_QUOTED_FOR_TARGET_2)",
					"$(LIBRARY_SEARCH_PATHS_QUOTED_FOR_TARGET_3)",
					"$(LIBRARY_SEARCH_PATHS_QUOTED_FOR_TARGET_4)",
					"$(LIBRARY_SEARCH_PATHS_QUOTED_FOR_TARGET_5)",
					"$(LIBRARY_SEARCH_PATHS_QUOTED_FOR_TARGET_6)",
					"$(LIBRARY_SEARCH_PATHS_QUOTED_FOR_TARGET_7)",
					"$(LIBRARY_SEARCH_PATHS_QUOTED_FOR_TARGET_8)",
					"$(LIBRARY_SEARCH_PATHS_QUOTED_FOR_TARGET_9)",
				);
				LIBRARY_SEARCH_PATHS_QUOTED_FOR_TARGET_1 = "\"$(SRCROOT)/../../../addons/ofxTimeline/libs/sndfile/lib/osx\"";
				LIBRARY_SEARCH_PATHS_QUOTED_FOR_TARGET_2 = "\"$(SRCROOT)/../libs/kiss/lib/linux\"";
				LIBRARY_SEARCH_PATHS_QUOTED_FOR_TARGET_3 = "\"$(SRCROOT)/../libs/kiss/lib/linux64\"";
				LIBRARY_SEARCH_PATHS_QUOTED_FOR_TARGET_4 = "\"$(SRCROOT)/../libs/sndfile/lib/linux\"";
				LIBRARY_SEARCH_PATHS_QUOTED_FOR_TARGET_5 = "\"$(SRCROOT)/../libs/sndfile/lib/linux64\"";
				LIBRARY_SEARCH_PATHS_QUOTED_FOR_TARGET_6 = "\"$(SRCROOT)/../libs/sndfile/lib/osx\"";
				LIBRARY_SEARCH_PATHS_QUOTED_FOR_TARGET_7 = "\"$(SRCROOT)/../libs/sndfile/lib/win32\"";
				LIBRARY_SEARCH_PATHS_QUOTED_FOR_TARGET_8 = "\"$(SRCROOT)/../libs/vorbis/lib/linux\"";
				LIBRARY_SEARCH_PATHS_QUOTED_FOR_TARGET_9 = "\"$(SRCROOT)/../libs/vorbis/lib/linux64\"";
				PREBINDING = NO;
				PRODUCT_NAME = audioWaveformExample;
				WRAPPER_EXTENSION = app;
			};
			name = Release;
		};
/* End XCBuildConfiguration section */

/* Begin XCConfigurationList section */
		E4B69B4D0A3A1720003C02F2 /* Build configuration list for PBXProject "audioWaveformExample" */ = {
			isa = XCConfigurationList;
			buildConfigurations = (
				E4B69B4E0A3A1720003C02F2 /* Debug */,
				E4B69B4F0A3A1720003C02F2 /* Release */,
			);
			defaultConfigurationIsVisible = 0;
			defaultConfigurationName = Release;
		};
		E4B69B5F0A3A1757003C02F2 /* Build configuration list for PBXNativeTarget "audioWaveformExample" */ = {
			isa = XCConfigurationList;
			buildConfigurations = (
				E4B69B600A3A1757003C02F2 /* Debug */,
				E4B69B610A3A1757003C02F2 /* Release */,
			);
			defaultConfigurationIsVisible = 0;
			defaultConfigurationName = Release;
		};
/* End XCConfigurationList section */
	};
	rootObject = E4B69B4C0A3A1720003C02F2 /* Project object */;
}
